{
	"_OFProjectGeneratorVersion": "0.103.0",
	"archiveVersion": "1",
	"classes": {},
	"objectVersion": "54",
	"objects": {
		"03A91656-DB33-4DB8-9ACB-9C288788A8FB": {
			"fileEncoding": "4",
			"isa": "PBXFileReference",
			"lastKnownFileType": "sourcecode.cpp.h",
			"name": "ofxColorPicker.h",
			"sourceTree": "<group>"
		},
		"09FB7F0E-AFCE-4C62-866C-8616A8E3FE2A": {
			"fileEncoding": "4",
			"isa": "PBXFileReference",
			"lastKnownFileType": "folder",
			"name": "data",
			"path": "bin/data",
			"sourceTree": "SOURCE_ROOT"
		},
		"10A951DD-28C3-4D81-9DF7-E0A3CF539C89": {
			"children": [
				"E41AB0EC-3C22-4387-AFDD-9B7F36798EBD"
			],
			"isa": "PBXGroup",
			"name": "src",
			"path": "src",
			"sourceTree": "<group>"
		},
		"1182CAF9-5500-425A-B811-875219AAEDAA": {
			"children": [
				"3AB14A20-AD92-4748-84E2-50D8388B4B4A"
			],
			"isa": "PBXGroup",
			"name": "ofxParticleSet",
			"path": "ofxParticleSet",
			"sourceTree": "<group>"
		},
		"1674F50A-DA71-46BB-BCB4-252D48B4C12E": {
			"fileEncoding": "4",
			"isa": "PBXFileReference",
			"lastKnownFileType": "sourcecode.cpp.cpp",
			"name": "ofxBaseGui.cpp",
			"sourceTree": "<group>"
		},
		"191CD6FA2847E21E0085CBB6": {
			"fileEncoding": "4",
			"isa": "PBXFileReference",
			"lastKnownFileType": "text.plist.entitlements",
			"path": "of.entitlements",
			"sourceTree": "<group>"
		},
		"191EF70929D778A400F35F26": {
			"isa": "PBXFileReference",
			"lastKnownFileType": "folder",
			"name": "openFrameworks",
			"path": "../../../libs/openFrameworks",
			"sourceTree": "SOURCE_ROOT"
		},
		"19B789C429E5AB4A0082E9B8": {
			"alwaysOutOfDate": "1",
			"buildActionMask": "2147483647",
			"files": [],
			"inputFileListPaths": [],
			"inputPaths": [],
			"isa": "PBXShellScriptBuildPhase",
			"outputFileListPaths": [],
			"outputPaths": [],
			"runOnlyForDeploymentPostprocessing": "0",
			"shellPath": "/bin/sh",
			"shellScript": "\"$OF_PATH/scripts/osx/xcode_project.sh\"\n",
			"showEnvVarsInLog": "0"
		},
		"1BD829EE-3C63-4FBC-92D3-DC09C910365B": {
			"fileEncoding": "4",
			"isa": "PBXFileReference",
			"lastKnownFileType": "sourcecode.cpp.cpp",
			"name": "ofxColorPicker.cpp",
			"sourceTree": "<group>"
		},
		"1DCB2A80-E7D4-48CD-B9AF-E55293A53DD0": {
			"fileEncoding": "4",
			"isa": "PBXFileReference",
			"lastKnownFileType": "sourcecode.cpp.h",
			"name": "ofxGuiGroup.h",
			"sourceTree": "<group>"
		},
		"2502E1BB-F125-47D6-9EC7-AECDC08CA503": {
			"fileEncoding": "4",
			"isa": "PBXFileReference",
			"lastKnownFileType": "sourcecode.cpp.h",
			"name": "ofxToggle.h",
			"sourceTree": "<group>"
		},
		"3AB14A20-AD92-4748-84E2-50D8388B4B4A": {
			"children": [
				"84960836-0EC8-45CA-982F-23A85F6D36EB",
				"8468D7ED-D7D4-47E8-8AEB-7568D1C2A7DA"
			],
			"isa": "PBXGroup",
			"name": "src",
			"path": "src",
			"sourceTree": "<group>"
		},
		"3E5F1814-856F-46E2-BBC3-3C10FABE18DB": {
			"fileEncoding": "4",
			"isa": "PBXFileReference",
			"lastKnownFileType": "sourcecode.cpp.h",
			"name": "KDTree.h",
			"sourceTree": "<group>"
		},
		"4007D786-1114-4A71-88FE-4B5B023831C7": {
			"fileEncoding": "4",
			"isa": "PBXFileReference",
			"lastKnownFileType": "sourcecode.cpp.h",
			"name": "ofxPanel.h",
			"sourceTree": "<group>"
		},
		"458A20C7-79CD-4281-B279-7B8AE6DBCF7F": {
			"children": [
				"E5BB4B12-9212-468A-8BDE-5D11A6DC270A"
			],
			"isa": "PBXGroup",
			"name": "ofxSpatialHash",
			"path": "ofxSpatialHash",
			"sourceTree": "<group>"
		},
		"50F09E79-F48D-4D3C-91FF-4A8D59765818": {
			"children": [
				"3E5F1814-856F-46E2-BBC3-3C10FABE18DB"
			],
			"isa": "PBXGroup",
			"name": "ofx",
			"path": "ofx",
			"sourceTree": "<group>"
		},
		"528A145D-BA63-4C5E-B12D-71DC7DDD2602": {
			"fileEncoding": "4",
			"isa": "PBXFileReference",
			"lastKnownFileType": "sourcecode.cpp.h",
			"name": "ofxGuiUtils.h",
			"sourceTree": "<group>"
		},
		"66BAC245-8A2D-4082-8AB4-A372B6D1F57C": {
			"fileRef": "F9D0C4EA-B6FB-4057-9042-7D7779FD41DE",
			"isa": "PBXBuildFile"
		},
		"714B750E-29A6-4F88-A111-188358B41169": {
			"fileRef": "F2A166F2-19EC-4DF0-A11E-DD46FC30126E",
			"isa": "PBXBuildFile"
		},
		"720DE362-8EAB-4E60-B627-0F12AEBD7E21": {
			"children": [
				"1674F50A-DA71-46BB-BCB4-252D48B4C12E",
				"C897338C-3BFE-4067-AF42-E966A3C894EF",
				"F9D0C4EA-B6FB-4057-9042-7D7779FD41DE",
				"B154932C-1686-4342-BC39-D8892F6EBC24",
				"1BD829EE-3C63-4FBC-92D3-DC09C910365B",
				"03A91656-DB33-4DB8-9ACB-9C288788A8FB",
				"99016070-7DB9-4C6E-AA9D-C8271612FE0A",
				"8D3096C0-7EF7-44A6-A7E1-CB08DB8C2E10",
				"1DCB2A80-E7D4-48CD-B9AF-E55293A53DD0",
				"528A145D-BA63-4C5E-B12D-71DC7DDD2602",
				"C9A24188-B12C-476A-9DF7-D24552627DF8",
				"BCEE624E-E5CF-4988-A543-CEF6C99F218B",
				"F2A166F2-19EC-4DF0-A11E-DD46FC30126E",
				"E76D250D-5C83-488D-A22F-FCB3A9E0BE8D",
				"FDA6E023-3880-443F-889D-D0465424BBC7",
				"4007D786-1114-4A71-88FE-4B5B023831C7",
				"A75323BF-87BF-4C87-8D10-4E929BD559C0",
				"877CB94E-4430-4C41-98CC-D15DE15C3B88",
				"80019144-9033-4FA5-AEB9-3E26F52A5306",
				"9F731246-89F2-4AD8-833E-976CF3E0B15F",
				"C72E6215-0DF0-4A59-B265-38C4BD378717",
				"2502E1BB-F125-47D6-9EC7-AECDC08CA503"
			],
			"isa": "PBXGroup",
			"name": "src",
			"path": "src",
			"sourceTree": "<group>"
		},
		"72400270-8977-4537-A400-FE203E1BA60D": {
			"fileRef": "84960836-0EC8-45CA-982F-23A85F6D36EB",
			"isa": "PBXBuildFile"
		},
		"7895C935-628C-45D2-A7A6-1628FDBFE9AF": {
			"fileRef": "A75323BF-87BF-4C87-8D10-4E929BD559C0",
			"isa": "PBXBuildFile"
		},
		"7FB81D27-55FF-4123-8EDD-D6AF549B4A21": {
			"fileRef": "8D3096C0-7EF7-44A6-A7E1-CB08DB8C2E10",
			"isa": "PBXBuildFile"
		},
		"80019144-9033-4FA5-AEB9-3E26F52A5306": {
			"fileEncoding": "4",
			"isa": "PBXFileReference",
			"lastKnownFileType": "sourcecode.cpp.cpp",
			"name": "ofxSliderGroup.cpp",
			"sourceTree": "<group>"
		},
		"8468D7ED-D7D4-47E8-8AEB-7568D1C2A7DA": {
			"fileEncoding": "4",
			"isa": "PBXFileReference",
			"lastKnownFileType": "sourcecode.cpp.h",
			"name": "ofxParticleSet.h",
			"sourceTree": "<group>"
		},
		"84960836-0EC8-45CA-982F-23A85F6D36EB": {
			"fileEncoding": "4",
			"isa": "PBXFileReference",
			"lastKnownFileType": "sourcecode.cpp.cpp",
			"name": "ofxParticleSet.cpp",
			"sourceTree": "<group>"
		},
		"877CB94E-4430-4C41-98CC-D15DE15C3B88": {
			"fileEncoding": "4",
			"isa": "PBXFileReference",
			"lastKnownFileType": "sourcecode.cpp.h",
			"name": "ofxSlider.h",
			"sourceTree": "<group>"
		},
		"8BEDD421-B266-4B91-9498-97AFDF9A4F8F": {
			"fileRef": "1BD829EE-3C63-4FBC-92D3-DC09C910365B",
			"isa": "PBXBuildFile"
		},
		"8BF98B3B-9E39-4BFC-A5AA-5500195B55D0": {
			"fileRef": "C9A24188-B12C-476A-9DF7-D24552627DF8",
			"isa": "PBXBuildFile"
		},
		"8D3096C0-7EF7-44A6-A7E1-CB08DB8C2E10": {
			"fileEncoding": "4",
			"isa": "PBXFileReference",
			"lastKnownFileType": "sourcecode.cpp.cpp",
			"name": "ofxGuiGroup.cpp",
			"sourceTree": "<group>"
		},
		"91F114DE-6E91-4546-B2E5-687E3AFD4443": {
			"children": [
				"BD7CAEBF-018B-47AE-9062-B8A1DEE15E3F"
			],
			"isa": "PBXGroup",
			"name": "include",
			"path": "include",
			"sourceTree": "<group>"
		},
		"99016070-7DB9-4C6E-AA9D-C8271612FE0A": {
			"fileEncoding": "4",
			"isa": "PBXFileReference",
			"lastKnownFileType": "sourcecode.cpp.h",
			"name": "ofxGui.h",
			"sourceTree": "<group>"
		},
		"9F731246-89F2-4AD8-833E-976CF3E0B15F": {
			"fileEncoding": "4",
			"isa": "PBXFileReference",
			"lastKnownFileType": "sourcecode.cpp.h",
			"name": "ofxSliderGroup.h",
			"sourceTree": "<group>"
		},
		"A3E1CBE0-852E-4608-AC1E-59AF5813FA66": {
			"fileRef": "1674F50A-DA71-46BB-BCB4-252D48B4C12E",
			"isa": "PBXBuildFile"
		},
		"A75323BF-87BF-4C87-8D10-4E929BD559C0": {
			"fileEncoding": "4",
			"isa": "PBXFileReference",
			"lastKnownFileType": "sourcecode.cpp.cpp",
			"name": "ofxSlider.cpp",
			"sourceTree": "<group>"
		},
		"B154932C-1686-4342-BC39-D8892F6EBC24": {
			"fileEncoding": "4",
			"isa": "PBXFileReference",
			"lastKnownFileType": "sourcecode.cpp.h",
			"name": "ofxButton.h",
			"sourceTree": "<group>"
		},
		"BB4B014C10F69532006C3DED": {
			"children": [
				"DF64165F-0E64-4809-8D62-DF37E9B4D504",
				"F3CC6804-3F72-4C9F-80CF-60A0CD40D7A0",
				"1182CAF9-5500-425A-B811-875219AAEDAA"
			],
			"isa": "PBXGroup",
			"name": "addons",
			"path": "../../../addons",
			"sourceTree": "SOURCE_ROOT"
		},
		"BCEE624E-E5CF-4988-A543-CEF6C99F218B": {
			"fileEncoding": "4",
			"isa": "PBXFileReference",
			"lastKnownFileType": "sourcecode.cpp.h",
			"name": "ofxInputField.h",
			"sourceTree": "<group>"
		},
		"BD7CAEBF-018B-47AE-9062-B8A1DEE15E3F": {
			"fileEncoding": "4",
			"isa": "PBXFileReference",
			"lastKnownFileType": "sourcecode.cpp.h",
			"name": "nanoflann.hpp",
			"sourceTree": "<group>"
		},
		"C72E6215-0DF0-4A59-B265-38C4BD378717": {
			"fileEncoding": "4",
			"isa": "PBXFileReference",
			"lastKnownFileType": "sourcecode.cpp.cpp",
			"name": "ofxToggle.cpp",
			"sourceTree": "<group>"
		},
		"C897338C-3BFE-4067-AF42-E966A3C894EF": {
			"fileEncoding": "4",
			"isa": "PBXFileReference",
			"lastKnownFileType": "sourcecode.cpp.h",
			"name": "ofxBaseGui.h",
			"sourceTree": "<group>"
		},
		"C9493D83-5A05-46B5-B335-3D3ED18E84AC": {
			"fileRef": "C72E6215-0DF0-4A59-B265-38C4BD378717",
			"isa": "PBXBuildFile"
		},
		"C9A24188-B12C-476A-9DF7-D24552627DF8": {
			"fileEncoding": "4",
			"isa": "PBXFileReference",
			"lastKnownFileType": "sourcecode.cpp.cpp",
			"name": "ofxInputField.cpp",
			"sourceTree": "<group>"
		},
		"D69FA188-701C-4CF6-A0D4-D5326A244DA8": {
			"children": [
				"91F114DE-6E91-4546-B2E5-687E3AFD4443"
			],
			"isa": "PBXGroup",
			"name": "nanoflann",
			"path": "nanoflann",
			"sourceTree": "<group>"
		},
		"D7E2DD5B-9C5B-4BD7-8AFD-11C86A51DA8D": {
			"fileRef": "FDA6E023-3880-443F-889D-D0465424BBC7",
			"isa": "PBXBuildFile"
		},
		"DF64165F-0E64-4809-8D62-DF37E9B4D504": {
			"children": [
				"720DE362-8EAB-4E60-B627-0F12AEBD7E21"
			],
			"isa": "PBXGroup",
			"name": "ofxGui",
			"path": "ofxGui",
			"sourceTree": "<group>"
		},
		"E41AB0EC-3C22-4387-AFDD-9B7F36798EBD": {
			"fileEncoding": "4",
			"isa": "PBXFileReference",
			"lastKnownFileType": "sourcecode.cpp.h",
			"name": "ofxSpatialHash.h",
			"sourceTree": "<group>"
		},
		"E42962A92163ECCD00A6A9E2": {
			"alwaysOutOfDate": "1",
			"buildActionMask": "2147483647",
			"files": [],
			"inputPaths": [],
			"isa": "PBXShellScriptBuildPhase",
			"name": "Run Script — Compile OF",
			"outputPaths": [],
			"runOnlyForDeploymentPostprocessing": "0",
			"shellPath": "/bin/sh",
			"shellScript": "$OF_CORE_BUILD_COMMAND\n",
			"showEnvVarsInLog": "0"
		},
		"E4A5B60F29BAAAE400C2D356": {
			"buildActionMask": "2147483647",
			"dstPath": "",
			"dstSubfolderSpec": "6",
			"files": [],
			"isa": "PBXCopyFilesBuildPhase",
			"runOnlyForDeploymentPostprocessing": "0"
		},
		"E4B69B4A0A3A1720003C02F2": {
			"children": [
				"191CD6FA2847E21E0085CBB6",
				"E4B6FCAD0C3E899E008CF71C",
				"E4EB6923138AFD0F00A09F29",
				"E4B69E1C0A3A1BDC003C02F2",
				"191EF70929D778A400F35F26",
				"BB4B014C10F69532006C3DED",
				"E4B69B5B0A3A1756003C02F2",
				"09FB7F0E-AFCE-4C62-866C-8616A8E3FE2A"
			],
			"isa": "PBXGroup",
			"sourceTree": "<group>"
		},
		"E4B69B4C0A3A1720003C02F2": {
			"attributes": {
				"BuildIndependentTargetsInParallel": "YES",
				"LastUpgradeCheck": "1540"
			},
			"buildConfigurationList": "E4B69B4D0A3A1720003C02F2",
			"compatibilityVersion": "Xcode 3.2",
			"developmentRegion": "en",
			"hasScannedForEncodings": "0",
			"isa": "PBXProject",
			"knownRegions": [
				"en",
				"Base"
			],
			"mainGroup": "E4B69B4A0A3A1720003C02F2",
			"productRefGroup": "E4B69B4A0A3A1720003C02F2",
			"projectDirPath": "",
			"projectRoot": "",
			"targets": [
				"E4B69B5A0A3A1756003C02F2"
			]
		},
		"E4B69B4D0A3A1720003C02F2": {
			"buildConfigurations": [
				"E4B69B4E0A3A1720003C02F2",
				"E4B69B4F0A3A1720003C02F2"
			],
			"defaultConfigurationIsVisible": "0",
			"defaultConfigurationName": "Release",
			"isa": "XCConfigurationList"
		},
		"E4B69B4E0A3A1720003C02F2": {
			"baseConfigurationReference": "E4EB6923138AFD0F00A09F29",
			"buildSettings": {
				"CODE_SIGN_ENTITLEMENTS": "of.entitlements",
				"COPY_PHASE_STRIP": "NO",
				"ENABLE_TESTABILITY": "YES",
				"GCC_OPTIMIZATION_LEVEL": "0",
				"GCC_WARN_UNUSED_VARIABLE": "NO",
				"HEADER_SEARCH_PATHS": [
					"$(OF_CORE_HEADERS)",
					"src"
				],
				"OTHER_CPLUSPLUSFLAGS": "-D__MACOSX_CORE__"
			},
			"isa": "XCBuildConfiguration",
			"name": "Debug"
		},
		"E4B69B4F0A3A1720003C02F2": {
			"baseConfigurationReference": "E4EB6923138AFD0F00A09F29",
			"buildSettings": {
				"CODE_SIGN_ENTITLEMENTS": "of.entitlements",
				"COPY_PHASE_STRIP": "YES",
				"GCC_OPTIMIZATION_LEVEL": "3",
				"GCC_UNROLL_LOOPS": "YES",
				"HEADER_SEARCH_PATHS": [
					"$(OF_CORE_HEADERS)",
					"src"
				],
				"OTHER_CPLUSPLUSFLAGS": "-D__MACOSX_CORE__"
			},
			"isa": "XCBuildConfiguration",
			"name": "Release"
		},
		"E4B69B580A3A1756003C02F2": {
			"buildActionMask": "2147483647",
			"files": [
				"E4B69E200A3A1BDC003C02F2",
				"E4B69E210A3A1BDC003C02F2",
				"A3E1CBE0-852E-4608-AC1E-59AF5813FA66",
				"66BAC245-8A2D-4082-8AB4-A372B6D1F57C",
				"8BEDD421-B266-4B91-9498-97AFDF9A4F8F",
				"7FB81D27-55FF-4123-8EDD-D6AF549B4A21",
				"8BF98B3B-9E39-4BFC-A5AA-5500195B55D0",
				"714B750E-29A6-4F88-A111-188358B41169",
				"D7E2DD5B-9C5B-4BD7-8AFD-11C86A51DA8D",
				"7895C935-628C-45D2-A7A6-1628FDBFE9AF",
				"E8965F7D-1485-458C-BEA3-BA96A63EDF84",
				"C9493D83-5A05-46B5-B335-3D3ED18E84AC",
				"72400270-8977-4537-A400-FE203E1BA60D"
			],
			"isa": "PBXSourcesBuildPhase",
			"runOnlyForDeploymentPostprocessing": "0"
		},
		"E4B69B590A3A1756003C02F2": {
			"buildActionMask": "2147483647",
			"files": [],
			"isa": "PBXFrameworksBuildPhase",
			"runOnlyForDeploymentPostprocessing": "0"
		},
		"E4B69B5A0A3A1756003C02F2": {
			"buildConfigurationList": "E4B69B5F0A3A1757003C02F2",
			"buildPhases": [
				"E42962A92163ECCD00A6A9E2",
				"E4B69B580A3A1756003C02F2",
				"E4B69B590A3A1756003C02F2",
				"E4C2427710CC5ABF004149E2",
				"E4A5B60F29BAAAE400C2D356",
				"19B789C429E5AB4A0082E9B8"
			],
			"buildRules": [],
			"dependencies": [],
			"isa": "PBXNativeTarget",
			"name": "example_Particles",
			"productName": "myOFApp",
			"productReference": "E4B69B5B0A3A1756003C02F2",
			"productType": "com.apple.product-type.application"
		},
		"E4B69B5B0A3A1756003C02F2": {
			"explicitFileType": "wrapper.application",
			"includeInIndex": "0",
			"isa": "PBXFileReference",
			"path": "example_ParticlesDebug.app",
			"sourceTree": "BUILT_PRODUCTS_DIR"
		},
		"E4B69B5F0A3A1757003C02F2": {
			"buildConfigurations": [
				"E4B69B600A3A1757003C02F2",
				"E4B69B610A3A1757003C02F2"
			],
			"defaultConfigurationIsVisible": "0",
			"defaultConfigurationName": "Release",
			"isa": "XCConfigurationList"
		},
		"E4B69B600A3A1757003C02F2": {
			"baseConfigurationReference": "E4EB6923138AFD0F00A09F29",
			"buildSettings": {
				"ARCHS": "$(ARCHS_STANDARD)",
				"COPY_PHASE_STRIP": "NO",
				"FRAMEWORK_SEARCH_PATHS": "$(inherited)",
				"GCC_DYNAMIC_NO_PIC": "NO",
				"HEADER_SEARCH_PATHS": [
					"$(OF_CORE_HEADERS)",
					"src",
					"src",
					"../../ofxGui/src",
					"../../ofxSpatialHash/libs",
					"../../ofxSpatialHash/libs/nanoflann",
					"../../ofxSpatialHash/libs/nanoflann/include",
					"../../ofxSpatialHash/libs/ofxSpatialHash",
					"../../ofxSpatialHash/libs/ofxSpatialHash/include",
					"../../ofxSpatialHash/libs/ofxSpatialHash/include/ofx",
					"../../ofxSpatialHash/src",
					"../src"
				],
				"LIBRARY_SEARCH_PATHS": "$(inherited)",
				"OTHER_LDFLAGS": [
					"$(OF_CORE_LIBS)",
					"$(OF_CORE_FRAMEWORKS)",
					"$(LIB_OF_DEBUG)"
				]
			},
			"isa": "XCBuildConfiguration",
			"name": "Debug"
		},
		"E4B69B610A3A1757003C02F2": {
			"baseConfigurationReference": "E4EB6923138AFD0F00A09F29",
			"buildSettings": {
				"ARCHS": "$(ARCHS_STANDARD)",
				"COPY_PHASE_STRIP": "YES",
				"FRAMEWORK_SEARCH_PATHS": "$(inherited)",
				"HEADER_SEARCH_PATHS": [
					"$(OF_CORE_HEADERS)",
					"src",
					"src",
					"../../ofxGui/src",
					"../../ofxSpatialHash/libs",
					"../../ofxSpatialHash/libs/nanoflann",
					"../../ofxSpatialHash/libs/nanoflann/include",
					"../../ofxSpatialHash/libs/ofxSpatialHash",
					"../../ofxSpatialHash/libs/ofxSpatialHash/include",
					"../../ofxSpatialHash/libs/ofxSpatialHash/include/ofx",
					"../../ofxSpatialHash/src",
					"../src"
				],
				"LIBRARY_SEARCH_PATHS": "$(inherited)",
				"OTHER_LDFLAGS": [
					"$(OF_CORE_LIBS)",
					"$(OF_CORE_FRAMEWORKS)",
					"$(LIB_OF_RELEASE)"
				],
				"baseConfigurationReference": "E4EB6923138AFD0F00A09F29"
			},
			"isa": "XCBuildConfiguration",
			"name": "Release"
		},
		"E4B69E1C0A3A1BDC003C02F2": {
			"children": [
				"E4B69E1D0A3A1BDC003C02F2",
				"E4B69E1E0A3A1BDC003C02F2",
				"E4B69E1F0A3A1BDC003C02F2"
			],
			"isa": "PBXGroup",
			"path": "src",
			"sourceTree": "SOURCE_ROOT"
		},
		"E4B69E1D0A3A1BDC003C02F2": {
			"fileEncoding": "4",
			"isa": "PBXFileReference",
			"lastKnownFileType": "sourcecode.cpp.cpp",
			"name": "main.cpp",
			"path": "src/main.cpp",
			"sourceTree": "SOURCE_ROOT"
		},
		"E4B69E1E0A3A1BDC003C02F2": {
			"explicitFileType": "sourcecode.cpp.cpp",
			"fileEncoding": "4",
			"isa": "PBXFileReference",
			"name": "ofApp.cpp",
			"path": "src/ofApp.cpp",
			"sourceTree": "SOURCE_ROOT"
		},
		"E4B69E1F0A3A1BDC003C02F2": {
			"fileEncoding": "4",
			"isa": "PBXFileReference",
			"lastKnownFileType": "sourcecode.c.h",
			"name": "ofApp.h",
			"path": "src/ofApp.h",
			"sourceTree": "SOURCE_ROOT"
		},
		"E4B69E200A3A1BDC003C02F2": {
			"fileRef": "E4B69E1D0A3A1BDC003C02F2",
			"isa": "PBXBuildFile"
		},
		"E4B69E210A3A1BDC003C02F2": {
			"fileRef": "E4B69E1E0A3A1BDC003C02F2",
			"isa": "PBXBuildFile"
		},
		"E4B6FCAD0C3E899E008CF71C": {
			"fileEncoding": "4",
			"isa": "PBXFileReference",
			"lastKnownFileType": "text.plist.xml",
			"path": "openFrameworks-Info.plist",
			"sourceTree": "<group>"
		},
		"E4C2427710CC5ABF004149E2": {
			"buildActionMask": "2147483647",
			"dstPath": "",
			"dstSubfolderSpec": "10",
			"files": [],
			"isa": "PBXCopyFilesBuildPhase",
			"runOnlyForDeploymentPostprocessing": "0"
		},
		"E4EB6923138AFD0F00A09F29": {
			"fileEncoding": "4",
			"isa": "PBXFileReference",
			"lastKnownFileType": "text.xcconfig",
			"path": "Project.xcconfig",
			"sourceTree": "<group>"
		},
		"E5BB4B12-9212-468A-8BDE-5D11A6DC270A": {
			"children": [
				"50F09E79-F48D-4D3C-91FF-4A8D59765818"
			],
			"isa": "PBXGroup",
			"name": "include",
			"path": "include",
			"sourceTree": "<group>"
		},
		"E76D250D-5C83-488D-A22F-FCB3A9E0BE8D": {
			"fileEncoding": "4",
			"isa": "PBXFileReference",
			"lastKnownFileType": "sourcecode.cpp.h",
			"name": "ofxLabel.h",
			"sourceTree": "<group>"
		},
		"E820AD18-0AD9-4F58-A46E-4ED9AA01C1B5": {
			"children": [
				"D69FA188-701C-4CF6-A0D4-D5326A244DA8",
				"458A20C7-79CD-4281-B279-7B8AE6DBCF7F"
			],
			"isa": "PBXGroup",
			"name": "libs",
			"path": "libs",
			"sourceTree": "<group>"
		},
		"E8965F7D-1485-458C-BEA3-BA96A63EDF84": {
			"fileRef": "80019144-9033-4FA5-AEB9-3E26F52A5306",
			"isa": "PBXBuildFile"
		},
		"F2A166F2-19EC-4DF0-A11E-DD46FC30126E": {
			"fileEncoding": "4",
			"isa": "PBXFileReference",
			"lastKnownFileType": "sourcecode.cpp.cpp",
			"name": "ofxLabel.cpp",
			"sourceTree": "<group>"
		},
		"F3CC6804-3F72-4C9F-80CF-60A0CD40D7A0": {
			"children": [
				"E820AD18-0AD9-4F58-A46E-4ED9AA01C1B5",
				"10A951DD-28C3-4D81-9DF7-E0A3CF539C89"
			],
			"isa": "PBXGroup",
			"name": "ofxSpatialHash",
			"path": "ofxSpatialHash",
			"sourceTree": "<group>"
		},
		"F9D0C4EA-B6FB-4057-9042-7D7779FD41DE": {
			"fileEncoding": "4",
			"isa": "PBXFileReference",
			"lastKnownFileType": "sourcecode.cpp.cpp",
			"name": "ofxButton.cpp",
			"sourceTree": "<group>"
		},
		"FDA6E023-3880-443F-889D-D0465424BBC7": {
			"fileEncoding": "4",
			"isa": "PBXFileReference",
			"lastKnownFileType": "sourcecode.cpp.cpp",
			"name": "ofxPanel.cpp",
			"sourceTree": "<group>"
		}
	},
	"rootObject": "E4B69B4C0A3A1720003C02F2"
}