{
	"archiveVersion": "1",
	"classes": {},
	"objectVersion": "54",
	"objects": {
		"020885BC-B16F-488C-9F10-8C0CF3154351": {
			"fileEncoding": "4",
			"isa": "PBXFileReference",
			"lastKnownFileType": "sourcecode.cpp.h",
			"name": "ofxGuiUtils.h",
			"path": "../../../addons/ofxGui/src/ofxGuiUtils.h",
			"sourceTree": "SOURCE_ROOT"
		},
		"0390A043-E3D7-45FD-AB17-0432767BC676": {
			"fileEncoding": "4",
			"isa": "PBXFileReference",
			"lastKnownFileType": "sourcecode.cpp.h",
			"name": "KDTree.h",
			"path": "../../../addons/ofxSpatialHash/libs/ofxSpatialHash/include/ofx/KDTree.h",
			"sourceTree": "SOURCE_ROOT"
		},
		"041727EC-04CF-4250-A91A-9271E9F903E2": {
			"fileRef": "3E939C67-AE64-427B-97C6-7A839B58E458",
			"isa": "PBXBuildFile"
		},
		"07177B44-D7C0-4BA2-8766-A8593AB3F126": {
			"fileEncoding": "4",
			"isa": "PBXFileReference",
			"lastKnownFileType": "sourcecode.cpp.cpp",
			"name": "ofxPanel.cpp",
			"path": "../../../addons/ofxGui/src/ofxPanel.cpp",
			"sourceTree": "SOURCE_ROOT"
		},
		"077FBEDC-3789-4AD0-B2FE-DD867C1936B7": {
			"fileEncoding": "4",
			"isa": "PBXFileReference",
			"lastKnownFileType": "sourcecode.cpp.h",
			"name": "ofxSlider.h",
			"path": "../../../addons/ofxGui/src/ofxSlider.h",
			"sourceTree": "SOURCE_ROOT"
		},
		"0AC1F2F3-80B7-4B71-8BAE-B37391D08487": {
			"fileEncoding": "4",
			"isa": "PBXFileReference",
			"lastKnownFileType": "sourcecode.cpp.h",
			"name": "Renderer.h",
			"path": "../../../addons/ofxRenderer/src/Renderer.h",
			"sourceTree": "SOURCE_ROOT"
		},
		"0D0602EF-AF88-42B4-8D4D-76F503CB3818": {
			"children": [
				"66EA4C90-EABF-4370-ABE7-458FE2AB4AC8"
			],
			"isa": "PBXGroup",
			"name": "nanoflann",
			"sourceTree": "SOURCE_ROOT"
		},
		"12698DDF-C828-4415-A4AE-439AAB86A11C": {
			"children": [
				"BEB1DA70-562C-4355-AD58-A3A85D276683",
				"DFD582DD-1229-4372-A300-C631DA2E6856"
			],
			"isa": "PBXGroup",
			"name": "src",
			"sourceTree": "SOURCE_ROOT"
		},
		"14571623-5765-4950-B886-4435A4298985": {
			"children": [
				"AB655A45-CDB9-4570-832B-DF78EDD4A2DE"
			],
			"isa": "PBXGroup",
			"name": "include",
			"sourceTree": "SOURCE_ROOT"
		},
		"171DCAFF-1B9D-4662-B6B6-1B8B9AD3104D": {
			"fileRef": "F21831E7-EE1E-49A7-86B6-F9741D260977",
			"isa": "PBXBuildFile"
		},
		"17B1D8E0-0011-473B-B850-94291F3097A8": {
			"fileEncoding": "4",
			"isa": "PBXFileReference",
			"lastKnownFileType": "sourcecode.cpp.cpp",
			"name": "ofxInputField.cpp",
			"path": "../../../addons/ofxGui/src/ofxInputField.cpp",
			"sourceTree": "SOURCE_ROOT"
		},
		"191CD6FA2847E21E0085CBB6": {
			"fileEncoding": "4",
			"isa": "PBXFileReference",
			"lastKnownFileType": "text.plist.entitlements",
			"path": "of.entitlements",
			"sourceTree": "<group>"
		},
		"191EF70929D778A400F35F26": {
			"isa": "PBXFileReference",
			"lastKnownFileType": "folder",
			"name": "openFrameworks",
			"path": "../../../libs/openFrameworks",
			"sourceTree": "SOURCE_ROOT"
		},
		"19762BDC-2F08-474D-A5F8-A3B50FA6B281": {
			"children": [
				"14571623-5765-4950-B886-4435A4298985"
			],
			"isa": "PBXGroup",
			"name": "ofxSpatialHash",
			"sourceTree": "SOURCE_ROOT"
		},
		"19B789C429E5AB4A0082E9B8": {
			"alwaysOutOfDate": "1",
			"buildActionMask": "2147483647",
			"files": [],
			"inputFileListPaths": [],
			"inputPaths": [],
			"isa": "PBXShellScriptBuildPhase",
			"outputFileListPaths": [],
			"outputPaths": [],
			"runOnlyForDeploymentPostprocessing": "0",
			"shellPath": "/bin/sh",
			"shellScript": "\"$OF_PATH/scripts/osx/xcode_project.sh\"\n",
			"showEnvVarsInLog": "0"
		},
		"2569AF7D-F957-41A1-AC95-6F972CB52EE0": {
			"children": [
				"C3490DCF-E379-4978-BEC8-7FE9369C8152",
				"8533DDEA-ACAD-4287-8C29-2D1E170C30F5"
			],
			"isa": "PBXGroup",
			"name": "src",
			"sourceTree": "SOURCE_ROOT"
		},
		"2B329D38-9F12-4927-A7EE-FDC9B3920F23": {
			"children": [
				"5F98C809-C57E-4F36-AD4D-56227F260F19",
				"851072FB-EFA9-4D32-9265-ABDB452CF136",
				"894998C5-D7D5-41C3-906C-F30B42426E27",
				"D86B698C-0978-491F-B7E6-B2BFF7E3027E",
				"C131F2B5-6D83-4CE9-B14A-F8061C9FEFF5",
				"7D22FC7D-28EA-49BC-84EF-B4F43F2A9255",
				"CF00EF79-7CA3-4B87-B8DD-09A83299E035",
				"F8C6E023-71E7-407E-9937-068BC6AA18AE",
				"4E373454-F1EF-491A-A404-0F2A9A782809",
				"AEB3BE2F-25DC-4151-B83B-50CEEFF3809E"
			],
			"isa": "PBXGroup",
			"name": "fluid",
			"sourceTree": "SOURCE_ROOT"
		},
		"38382819-64FA-4943-BCDD-FB09AEFBC2DC": {
			"fileRef": "A71235F4-924F-4CDE-9D6E-96645582106F",
			"isa": "PBXBuildFile"
		},
		"3B54ADA2-F19F-4A3C-A04C-EB1536EB4D40": {
			"children": [
				"B209CA2D-657A-4CBD-814E-CDADEAC90DA9"
			],
			"isa": "PBXGroup",
			"name": "src",
			"sourceTree": "SOURCE_ROOT"
		},
		"3C60E373-B792-4CF3-9E06-DAE4FA071616": {
			"fileRef": "17B1D8E0-0011-473B-B850-94291F3097A8",
			"isa": "PBXBuildFile"
		},
		"3CB5E6C7-9C72-44E8-B246-1D7AD93298C6": {
			"fileEncoding": "4",
			"isa": "PBXFileReference",
			"lastKnownFileType": "sourcecode.cpp.h",
			"name": "ofxButton.h",
			"path": "../../../addons/ofxGui/src/ofxButton.h",
			"sourceTree": "SOURCE_ROOT"
		},
		"3E847CC6-8460-4678-99CE-FDA389842965": {
			"fileEncoding": "4",
			"isa": "PBXFileReference",
			"lastKnownFileType": "sourcecode.cpp.h",
			"name": "GaussianYBlurShader.h",
			"path": "../../../addons/ofxRenderer/src/shaders/GaussianYBlurShader.h",
			"sourceTree": "SOURCE_ROOT"
		},
		"3E939C67-AE64-427B-97C6-7A839B58E458": {
			"fileEncoding": "4",
			"isa": "PBXFileReference",
			"lastKnownFileType": "sourcecode.cpp.cpp",
			"name": "ofxSlider.cpp",
			"path": "../../../addons/ofxGui/src/ofxSlider.cpp",
			"sourceTree": "SOURCE_ROOT"
		},
		"3F42749E-53B3-459A-BF9A-1B61AB3EC918": {
			"fileRef": "DEA8E7CF-2CD4-45C1-B87B-7A1AD5D4E0C3",
			"isa": "PBXBuildFile"
		},
		"408A751B-1F0A-428C-B2A4-73F93FDFFA3C": {
			"fileRef": "CD8B87E7-073E-40BA-8777-F7FE9F619B7C",
			"isa": "PBXBuildFile"
		},
		"42A840C0-AAC6-4CD4-8984-5A1221C37E3C": {
			"children": [
				"0D0602EF-AF88-42B4-8D4D-76F503CB3818",
				"19762BDC-2F08-474D-A5F8-A3B50FA6B281"
			],
			"isa": "PBXGroup",
			"name": "libs",
			"sourceTree": "SOURCE_ROOT"
		},
		"43B7FB2D-8BE3-4A35-98FA-B1E9E70F6DE4": {
			"fileEncoding": "4",
			"isa": "PBXFileReference",
			"lastKnownFileType": "sourcecode.cpp.h",
			"name": "ofxGuiGroup.h",
			"path": "../../../addons/ofxGui/src/ofxGuiGroup.h",
			"sourceTree": "SOURCE_ROOT"
		},
		"44314F2B-6CD7-46C7-8697-88E7EA194C30": {
			"fileRef": "C44F4571-89B5-4D8A-9744-816852B62A8E",
			"isa": "PBXBuildFile"
		},
		"4E373454-F1EF-491A-A404-0F2A9A782809": {
			"fileEncoding": "4",
			"isa": "PBXFileReference",
			"lastKnownFileType": "sourcecode.cpp.h",
			"name": "SubtractDivergenceShader.h",
			"path": "../../../addons/ofxRenderer/src/fluid/SubtractDivergenceShader.h",
			"sourceTree": "SOURCE_ROOT"
		},
		"5267F14C-E9DE-4225-A1A6-E139A23F7734": {
			"fileRef": "BEB1DA70-562C-4355-AD58-A3A85D276683",
			"isa": "PBXBuildFile"
		},
		"56C0AB85-A2D6-4136-BF7E-654A1B11AD6C": {
			"fileEncoding": "4",
			"isa": "PBXFileReference",
			"lastKnownFileType": "sourcecode.cpp.h",
			"name": "LogisticFnShader.h",
			"path": "../../../addons/ofxRenderer/src/shaders/LogisticFnShader.h",
			"sourceTree": "SOURCE_ROOT"
		},
		"5D15ABE4-1041-4A96-A6A2-B7E356553664": {
			"fileEncoding": "4",
			"isa": "PBXFileReference",
			"lastKnownFileType": "sourcecode.cpp.h",
			"name": "GaussianXBlurShader.h",
			"path": "../../../addons/ofxRenderer/src/shaders/GaussianXBlurShader.h",
			"sourceTree": "SOURCE_ROOT"
		},
		"5F98C809-C57E-4F36-AD4D-56227F260F19": {
			"fileEncoding": "4",
			"isa": "PBXFileReference",
			"lastKnownFileType": "sourcecode.cpp.h",
			"name": "AddImpulseSpotShader.h",
			"path": "../../../addons/ofxRenderer/src/fluid/AddImpulseSpotShader.h",
			"sourceTree": "SOURCE_ROOT"
		},
		"66EA4C90-EABF-4370-ABE7-458FE2AB4AC8": {
			"children": [
				"CB3D35B2-880D-45DE-AB50-48EDD26F4B07"
			],
			"isa": "PBXGroup",
			"name": "include",
			"sourceTree": "SOURCE_ROOT"
		},
		"72E9A09B-ABEC-4C22-AB02-2D6F96D4A826": {
			"children": [
				"BC81150A-4E2B-4490-BD30-36681256A4FC"
			],
			"isa": "PBXGroup",
			"name": "ofxRenderer",
			"sourceTree": "SOURCE_ROOT"
		},
		"75445FED-BF6F-49D0-AC26-DF3EA173F106": {
			"fileEncoding": "4",
			"isa": "PBXFileReference",
			"lastKnownFileType": "sourcecode.cpp.h",
			"name": "ofxLabel.h",
			"path": "../../../addons/ofxGui/src/ofxLabel.h",
			"sourceTree": "SOURCE_ROOT"
		},
		"79A8F274-101C-463E-AC3D-1BFB498876E7": {
			"fileEncoding": "4",
			"isa": "PBXFileReference",
			"lastKnownFileType": "sourcecode.cpp.h",
			"name": "PingPongRenderer.h",
			"path": "../../../addons/ofxRenderer/src/PingPongRenderer.h",
			"sourceTree": "SOURCE_ROOT"
		},
		"7B829865-5686-4C0C-923A-9249DA6A777B": {
			"children": [
				"8480FC33-4999-4883-B78D-144F288503B9"
			],
			"isa": "PBXGroup",
			"name": "ofxGui",
			"sourceTree": "SOURCE_ROOT"
		},
		"7D22FC7D-28EA-49BC-84EF-B4F43F2A9255": {
			"fileEncoding": "4",
			"isa": "PBXFileReference",
			"lastKnownFileType": "sourcecode.cpp.h",
			"name": "DivergenceRenderer.h",
			"path": "../../../addons/ofxRenderer/src/fluid/DivergenceRenderer.h",
			"sourceTree": "SOURCE_ROOT"
		},
		"7D539D5D-5282-4E03-A618-482BE072BABC": {
			"fileEncoding": "4",
			"isa": "PBXFileReference",
			"lastKnownFileType": "sourcecode.cpp.h",
			"name": "ofxColorPicker.h",
			"path": "../../../addons/ofxGui/src/ofxColorPicker.h",
			"sourceTree": "SOURCE_ROOT"
		},
		"807B828B-2C2C-4E45-8AA0-536E9BA4574A": {
			"children": [
				"12698DDF-C828-4415-A4AE-439AAB86A11C"
			],
			"isa": "PBXGroup",
			"name": "ofxParticleSet",
			"sourceTree": "SOURCE_ROOT"
		},
		"8480FC33-4999-4883-B78D-144F288503B9": {
			"children": [
				"DEA8E7CF-2CD4-45C1-B87B-7A1AD5D4E0C3",
				"FB0ED3BB-0BB1-495C-A331-21EAB987F13D",
				"CD8B87E7-073E-40BA-8777-F7FE9F619B7C",
				"3CB5E6C7-9C72-44E8-B246-1D7AD93298C6",
				"F21831E7-EE1E-49A7-86B6-F9741D260977",
				"7D539D5D-5282-4E03-A618-482BE072BABC",
				"DB9E329D-D57A-4515-BD95-CD7602649F20",
				"C44F4571-89B5-4D8A-9744-816852B62A8E",
				"43B7FB2D-8BE3-4A35-98FA-B1E9E70F6DE4",
				"020885BC-B16F-488C-9F10-8C0CF3154351",
				"17B1D8E0-0011-473B-B850-94291F3097A8",
				"F1470DCF-0640-4B96-9D68-2BAF93E91A7B",
				"A71235F4-924F-4CDE-9D6E-96645582106F",
				"75445FED-BF6F-49D0-AC26-DF3EA173F106",
				"07177B44-D7C0-4BA2-8766-A8593AB3F126",
				"F594EB29-A573-4A77-A9D8-ED9FBC89CE36",
				"3E939C67-AE64-427B-97C6-7A839B58E458",
				"077FBEDC-3789-4AD0-B2FE-DD867C1936B7",
				"C856E95B-5D78-40E0-BD39-D6CDD780ECF2",
				"DEB6B0E6-1493-4933-BD42-0FD471478A1A",
				"971FA8B8-BFE1-4C6E-97B6-50CB517FE63B",
				"EDA1C11A-A956-4E90-A425-7E3BB9232503"
			],
			"isa": "PBXGroup",
			"name": "src",
			"sourceTree": "SOURCE_ROOT"
		},
		"851072FB-EFA9-4D32-9265-ABDB452CF136": {
			"fileEncoding": "4",
			"isa": "PBXFileReference",
			"lastKnownFileType": "sourcecode.cpp.h",
			"name": "AddRadialImpulseShader.h",
			"path": "../../../addons/ofxRenderer/src/fluid/AddRadialImpulseShader.h",
			"sourceTree": "SOURCE_ROOT"
		},
		"8533DDEA-ACAD-4287-8C29-2D1E170C30F5": {
			"fileEncoding": "4",
			"isa": "PBXFileReference",
			"lastKnownFileType": "sourcecode.cpp.h",
			"name": "ofxMotionFromVideo.h",
			"path": "../../../addons/ofxMotionFromVideo/src/ofxMotionFromVideo.h",
			"sourceTree": "SOURCE_ROOT"
		},
		"894998C5-D7D5-41C3-906C-F30B42426E27": {
			"fileEncoding": "4",
			"isa": "PBXFileReference",
			"lastKnownFileType": "sourcecode.cpp.h",
			"name": "AdvectShader.h",
			"path": "../../../addons/ofxRenderer/src/fluid/AdvectShader.h",
			"sourceTree": "SOURCE_ROOT"
		},
		"971FA8B8-BFE1-4C6E-97B6-50CB517FE63B": {
			"fileEncoding": "4",
			"isa": "PBXFileReference",
			"lastKnownFileType": "sourcecode.cpp.cpp",
			"name": "ofxToggle.cpp",
			"path": "../../../addons/ofxGui/src/ofxToggle.cpp",
			"sourceTree": "SOURCE_ROOT"
		},
		"980BDE14-44CF-41F6-940C-E490A87F554E": {
			"children": [
				"2569AF7D-F957-41A1-AC95-6F972CB52EE0"
			],
			"isa": "PBXGroup",
			"name": "ofxMotionFromVideo",
			"sourceTree": "SOURCE_ROOT"
		},
		"9ED277C2-A433-4E07-BF3A-DBAD669831E3": {
			"fileEncoding": "4",
			"isa": "PBXFileReference",
			"lastKnownFileType": "folder",
			"path": "bin/data",
			"sourceTree": "SOURCE_ROOT"
		},
		"A71235F4-924F-4CDE-9D6E-96645582106F": {
			"fileEncoding": "4",
			"isa": "PBXFileReference",
			"lastKnownFileType": "sourcecode.cpp.cpp",
			"name": "ofxLabel.cpp",
			"path": "../../../addons/ofxGui/src/ofxLabel.cpp",
			"sourceTree": "SOURCE_ROOT"
		},
		"A8D3C5D1-E84F-49A8-AEB7-34B299B6F3A9": {
			"fileRef": "C856E95B-5D78-40E0-BD39-D6CDD780ECF2",
			"isa": "PBXBuildFile"
		},
		"AB655A45-CDB9-4570-832B-DF78EDD4A2DE": {
			"children": [
				"0390A043-E3D7-45FD-AB17-0432767BC676"
			],
			"isa": "PBXGroup",
			"name": "ofx",
			"sourceTree": "SOURCE_ROOT"
		},
		"AEB3BE2F-25DC-4151-B83B-50CEEFF3809E": {
			"fileEncoding": "4",
			"isa": "PBXFileReference",
			"lastKnownFileType": "sourcecode.cpp.h",
			"name": "VorticityRenderer.h",
			"path": "../../../addons/ofxRenderer/src/fluid/VorticityRenderer.h",
			"sourceTree": "SOURCE_ROOT"
		},
		"B209CA2D-657A-4CBD-814E-CDADEAC90DA9": {
			"fileEncoding": "4",
			"isa": "PBXFileReference",
			"lastKnownFileType": "sourcecode.cpp.h",
			"name": "ofxSpatialHash.h",
			"path": "../../../addons/ofxSpatialHash/src/ofxSpatialHash.h",
			"sourceTree": "SOURCE_ROOT"
		},
		"BB4B014C10F69532006C3DED": {
			"children": [
				"7B829865-5686-4C0C-923A-9249DA6A777B",
				"72E9A09B-ABEC-4C22-AB02-2D6F96D4A826",
				"980BDE14-44CF-41F6-940C-E490A87F554E",
				"D7110FE9-0698-4FDD-9AA8-70A8F96FFDA0",
				"807B828B-2C2C-4E45-8AA0-536E9BA4574A"
			],
			"isa": "PBXGroup",
			"name": "addons",
			"path": "../../../addons",
			"sourceTree": "SOURCE_ROOT"
		},
		"BC81150A-4E2B-4490-BD30-36681256A4FC": {
			"children": [
				"D5D2D8A3-9A55-4679-973E-5614855F9196",
				"79A8F274-101C-463E-AC3D-1BFB498876E7",
				"0AC1F2F3-80B7-4B71-8BAE-B37391D08487",
				"CA17C648-70ED-426C-8ED0-8A64F4D52E37",
				"2B329D38-9F12-4927-A7EE-FDC9B3920F23",
				"C4232803-CDBF-43C9-B11C-D5F35AA6F806"
			],
			"isa": "PBXGroup",
			"name": "src",
			"sourceTree": "SOURCE_ROOT"
		},
		"BEB1DA70-562C-4355-AD58-A3A85D276683": {
			"fileEncoding": "4",
			"isa": "PBXFileReference",
			"lastKnownFileType": "sourcecode.cpp.cpp",
			"name": "ofxParticleSet.cpp",
			"path": "../../../addons/ofxParticleSet/src/ofxParticleSet.cpp",
			"sourceTree": "SOURCE_ROOT"
		},
		"C131F2B5-6D83-4CE9-B14A-F8061C9FEFF5": {
			"fileEncoding": "4",
			"isa": "PBXFileReference",
			"lastKnownFileType": "sourcecode.cpp.h",
			"name": "ApplyVorticityForceShader.h",
			"path": "../../../addons/ofxRenderer/src/fluid/ApplyVorticityForceShader.h",
			"sourceTree": "SOURCE_ROOT"
		},
		"C3490DCF-E379-4978-BEC8-7FE9369C8152": {
			"fileEncoding": "4",
			"isa": "PBXFileReference",
			"lastKnownFileType": "sourcecode.cpp.cpp",
			"name": "ofxMotionFromVideo.cpp",
			"path": "../../../addons/ofxMotionFromVideo/src/ofxMotionFromVideo.cpp",
			"sourceTree": "SOURCE_ROOT"
		},
		"C4232803-CDBF-43C9-B11C-D5F35AA6F806": {
			"children": [
				"D3D90932-FF57-4C00-8996-BB73FD52159C",
				"5D15ABE4-1041-4A96-A6A2-B7E356553664",
				"3E847CC6-8460-4678-99CE-FDA389842965",
				"56C0AB85-A2D6-4136-BF7E-654A1B11AD6C",
				"E397BB93-9BD1-4210-B817-455C48B16955",
				"EEA984D4-161D-4B65-BD68-B30AC3359831",
				"CFB501D6-E21F-4FFC-93CB-039ECA8D0D00",
				"C5B7A37E-5319-448D-869D-DD98558E0C90"
			],
			"isa": "PBXGroup",
			"name": "shaders",
			"sourceTree": "SOURCE_ROOT"
		},
		"C44F4571-89B5-4D8A-9744-816852B62A8E": {
			"fileEncoding": "4",
			"isa": "PBXFileReference",
			"lastKnownFileType": "sourcecode.cpp.cpp",
			"name": "ofxGuiGroup.cpp",
			"path": "../../../addons/ofxGui/src/ofxGuiGroup.cpp",
			"sourceTree": "SOURCE_ROOT"
		},
		"C5B7A37E-5319-448D-869D-DD98558E0C90": {
			"fileEncoding": "4",
			"isa": "PBXFileReference",
			"lastKnownFileType": "sourcecode.cpp.h",
			"name": "TranslateShader.h",
			"path": "../../../addons/ofxRenderer/src/shaders/TranslateShader.h",
			"sourceTree": "SOURCE_ROOT"
		},
		"C856E95B-5D78-40E0-BD39-D6CDD780ECF2": {
			"fileEncoding": "4",
			"isa": "PBXFileReference",
			"lastKnownFileType": "sourcecode.cpp.cpp",
			"name": "ofxSliderGroup.cpp",
			"path": "../../../addons/ofxGui/src/ofxSliderGroup.cpp",
			"sourceTree": "SOURCE_ROOT"
		},
		"CA17C648-70ED-426C-8ED0-8A64F4D52E37": {
			"fileEncoding": "4",
			"isa": "PBXFileReference",
			"lastKnownFileType": "sourcecode.cpp.h",
			"name": "Shader.h",
			"path": "../../../addons/ofxRenderer/src/Shader.h",
			"sourceTree": "SOURCE_ROOT"
		},
		"CB3D35B2-880D-45DE-AB50-48EDD26F4B07": {
			"fileEncoding": "4",
			"isa": "PBXFileReference",
			"lastKnownFileType": "sourcecode.cpp.h",
			"name": "nanoflann.hpp",
			"path": "../../../addons/ofxSpatialHash/libs/nanoflann/include/nanoflann.hpp",
			"sourceTree": "SOURCE_ROOT"
		},
		"CD8B87E7-073E-40BA-8777-F7FE9F619B7C": {
			"fileEncoding": "4",
			"isa": "PBXFileReference",
			"lastKnownFileType": "sourcecode.cpp.cpp",
			"name": "ofxButton.cpp",
			"path": "../../../addons/ofxGui/src/ofxButton.cpp",
			"sourceTree": "SOURCE_ROOT"
		},
		"CF00EF79-7CA3-4B87-B8DD-09A83299E035": {
			"fileEncoding": "4",
			"isa": "PBXFileReference",
			"lastKnownFileType": "sourcecode.cpp.h",
			"name": "FluidSimulation.h",
			"path": "../../../addons/ofxRenderer/src/fluid/FluidSimulation.h",
			"sourceTree": "SOURCE_ROOT"
		},
		"CFB501D6-E21F-4FFC-93CB-039ECA8D0D00": {
			"fileEncoding": "4",
			"isa": "PBXFileReference",
			"lastKnownFileType": "sourcecode.cpp.h",
			"name": "OpticalFlowShader.h",
			"path": "../../../addons/ofxRenderer/src/shaders/OpticalFlowShader.h",
			"sourceTree": "SOURCE_ROOT"
		},
		"D3D90932-FF57-4C00-8996-BB73FD52159C": {
			"fileEncoding": "4",
			"isa": "PBXFileReference",
			"lastKnownFileType": "sourcecode.cpp.h",
			"name": "AddTextureShader.h",
			"path": "../../../addons/ofxRenderer/src/shaders/AddTextureShader.h",
			"sourceTree": "SOURCE_ROOT"
		},
		"D5D2D8A3-9A55-4679-973E-5614855F9196": {
			"fileEncoding": "4",
			"isa": "PBXFileReference",
			"lastKnownFileType": "sourcecode.cpp.h",
			"name": "PingPongFbo.h",
			"path": "../../../addons/ofxRenderer/src/PingPongFbo.h",
			"sourceTree": "SOURCE_ROOT"
		},
		"D7110FE9-0698-4FDD-9AA8-70A8F96FFDA0": {
			"children": [
				"42A840C0-AAC6-4CD4-8984-5A1221C37E3C",
				"3B54ADA2-F19F-4A3C-A04C-EB1536EB4D40"
			],
			"isa": "PBXGroup",
			"name": "ofxSpatialHash",
			"sourceTree": "SOURCE_ROOT"
		},
		"D774162A-1300-4323-A46E-1BF84B71CBAC": {
			"fileRef": "C3490DCF-E379-4978-BEC8-7FE9369C8152",
			"isa": "PBXBuildFile"
		},
		"D86B698C-0978-491F-B7E6-B2BFF7E3027E": {
			"fileEncoding": "4",
			"isa": "PBXFileReference",
			"lastKnownFileType": "sourcecode.cpp.h",
			"name": "ApplyBouyancyShader.h",
			"path": "../../../addons/ofxRenderer/src/fluid/ApplyBouyancyShader.h",
			"sourceTree": "SOURCE_ROOT"
		},
		"DB9E329D-D57A-4515-BD95-CD7602649F20": {
			"fileEncoding": "4",
			"isa": "PBXFileReference",
			"lastKnownFileType": "sourcecode.cpp.h",
			"name": "ofxGui.h",
			"path": "../../../addons/ofxGui/src/ofxGui.h",
			"sourceTree": "SOURCE_ROOT"
		},
		"DEA8E7CF-2CD4-45C1-B87B-7A1AD5D4E0C3": {
			"fileEncoding": "4",
			"isa": "PBXFileReference",
			"lastKnownFileType": "sourcecode.cpp.cpp",
			"name": "ofxBaseGui.cpp",
			"path": "../../../addons/ofxGui/src/ofxBaseGui.cpp",
			"sourceTree": "SOURCE_ROOT"
		},
		"DEB6B0E6-1493-4933-BD42-0FD471478A1A": {
			"fileEncoding": "4",
			"isa": "PBXFileReference",
			"lastKnownFileType": "sourcecode.cpp.h",
			"name": "ofxSliderGroup.h",
			"path": "../../../addons/ofxGui/src/ofxSliderGroup.h",
			"sourceTree": "SOURCE_ROOT"
		},
		"DFD582DD-1229-4372-A300-C631DA2E6856": {
			"fileEncoding": "4",
			"isa": "PBXFileReference",
			"lastKnownFileType": "sourcecode.cpp.h",
			"name": "ofxParticleSet.h",
			"path": "../../../addons/ofxParticleSet/src/ofxParticleSet.h",
			"sourceTree": "SOURCE_ROOT"
		},
		"E397BB93-9BD1-4210-B817-455C48B16955": {
			"fileEncoding": "4",
			"isa": "PBXFileReference",
			"lastKnownFileType": "sourcecode.cpp.h",
			"name": "MaskShader.h",
			"path": "../../../addons/ofxRenderer/src/shaders/MaskShader.h",
			"sourceTree": "SOURCE_ROOT"
		},
		"E42962A92163ECCD00A6A9E2": {
			"alwaysOutOfDate": "1",
			"buildActionMask": "2147483647",
			"files": [],
			"inputPaths": [],
			"isa": "PBXShellScriptBuildPhase",
			"name": "Run Script — Compile OF",
			"outputPaths": [],
			"runOnlyForDeploymentPostprocessing": "0",
			"shellPath": "/bin/sh",
			"shellScript": "echo \"💾 Compiling Openframeworks\"\nxcodebuild -project \"$OF_PATH/libs/openFrameworksCompiled/project/osx/openFrameworksLib.xcodeproj\" -target openFrameworks -configuration \"${CONFIGURATION}\"  CLANG_CXX_LANGUAGE_STANDARD=$CLANG_CXX_LANGUAGE_STANDARD MACOSX_DEPLOYMENT_TARGET=$MACOSX_DEPLOYMENT_TARGET GCC_PREPROCESSOR_DEFINITIONS='$USER_PREPROCESSOR_DEFINITIONS'\n",
			"showEnvVarsInLog": "0"
		},
		"E4A5B60F29BAAAE400C2D356": {
			"buildActionMask": "2147483647",
			"dstPath": "",
			"dstSubfolderSpec": "6",
			"files": [],
			"isa": "PBXCopyFilesBuildPhase",
			"runOnlyForDeploymentPostprocessing": "0"
		},
		"E4B69B4A0A3A1720003C02F2": {
			"children": [
				"191CD6FA2847E21E0085CBB6",
				"E4B6FCAD0C3E899E008CF71C",
				"E4EB6923138AFD0F00A09F29",
				"E4B69E1C0A3A1BDC003C02F2",
				"191EF70929D778A400F35F26",
				"BB4B014C10F69532006C3DED",
				"E4B69B5B0A3A1756003C02F2",
				"9ED277C2-A433-4E07-BF3A-DBAD669831E3"
			],
			"isa": "PBXGroup",
			"sourceTree": "<group>"
		},
		"E4B69B4C0A3A1720003C02F2": {
			"attributes": {
				"BuildIndependentTargetsInParallel": "YES",
				"LastUpgradeCheck": "1540"
			},
			"buildConfigurationList": "E4B69B4D0A3A1720003C02F2",
			"compatibilityVersion": "Xcode 3.2",
			"developmentRegion": "en",
			"hasScannedForEncodings": "0",
			"isa": "PBXProject",
			"knownRegions": [
				"en",
				"Base"
			],
			"mainGroup": "E4B69B4A0A3A1720003C02F2",
			"productRefGroup": "E4B69B4A0A3A1720003C02F2",
			"projectDirPath": "",
			"projectRoot": "",
			"targets": [
				"E4B69B5A0A3A1756003C02F2"
			]
		},
		"E4B69B4D0A3A1720003C02F2": {
			"buildConfigurations": [
				"E4B69B4E0A3A1720003C02F2",
				"E4B69B4F0A3A1720003C02F2"
			],
			"defaultConfigurationIsVisible": "0",
			"defaultConfigurationName": "Release",
			"isa": "XCConfigurationList"
		},
		"E4B69B4E0A3A1720003C02F2": {
			"baseConfigurationReference": "E4EB6923138AFD0F00A09F29",
			"buildSettings": {
				"CODE_SIGN_ENTITLEMENTS": "of.entitlements",
				"COPY_PHASE_STRIP": "NO",
				"ENABLE_TESTABILITY": "YES",
				"GCC_OPTIMIZATION_LEVEL": "0",
				"GCC_WARN_UNUSED_VARIABLE": "NO",
				"HEADER_SEARCH_PATHS": [
					"$(OF_CORE_HEADERS)",
					"src"
				],
				"OTHER_CPLUSPLUSFLAGS": "-D__MACOSX_CORE__"
			},
			"isa": "XCBuildConfiguration",
			"name": "Debug"
		},
		"E4B69B4F0A3A1720003C02F2": {
			"baseConfigurationReference": "E4EB6923138AFD0F00A09F29",
			"buildSettings": {
				"CODE_SIGN_ENTITLEMENTS": "of.entitlements",
				"COPY_PHASE_STRIP": "YES",
				"GCC_OPTIMIZATION_LEVEL": "3",
				"GCC_UNROLL_LOOPS": "YES",
				"HEADER_SEARCH_PATHS": [
					"$(OF_CORE_HEADERS)",
					"src"
				],
				"OTHER_CPLUSPLUSFLAGS": "-D__MACOSX_CORE__"
			},
			"isa": "XCBuildConfiguration",
			"name": "Release"
		},
		"E4B69B580A3A1756003C02F2": {
			"buildActionMask": "2147483647",
			"files": [
				"E4B69E200A3A1BDC003C02F2",
				"E4B69E210A3A1BDC003C02F2",
				"3F42749E-53B3-459A-BF9A-1B61AB3EC918",
				"408A751B-1F0A-428C-B2A4-73F93FDFFA3C",
				"171DCAFF-1B9D-4662-B6B6-1B8B9AD3104D",
				"44314F2B-6CD7-46C7-8697-88E7EA194C30",
				"3C60E373-B792-4CF3-9E06-DAE4FA071616",
				"38382819-64FA-4943-BCDD-FB09AEFBC2DC",
				"F8E19324-48A9-4FAB-A0E7-D42C89D4E289",
				"041727EC-04CF-4250-A91A-9271E9F903E2",
				"A8D3C5D1-E84F-49A8-AEB7-34B299B6F3A9",
				"EB92E45B-4837-43C3-88DC-3FD530D3D5EB",
				"D774162A-1300-4323-A46E-1BF84B71CBAC",
				"5267F14C-E9DE-4225-A1A6-E139A23F7734"
			],
			"isa": "PBXSourcesBuildPhase",
			"runOnlyForDeploymentPostprocessing": "0"
		},
		"E4B69B590A3A1756003C02F2": {
			"buildActionMask": "2147483647",
			"files": [],
			"isa": "PBXFrameworksBuildPhase",
			"runOnlyForDeploymentPostprocessing": "0"
		},
		"E4B69B5A0A3A1756003C02F2": {
			"buildConfigurationList": "E4B69B5F0A3A1757003C02F2",
			"buildPhases": [
				"E42962A92163ECCD00A6A9E2",
				"E4B69B580A3A1756003C02F2",
				"E4B69B590A3A1756003C02F2",
				"E4C2427710CC5ABF004149E2",
				"E4A5B60F29BAAAE400C2D356",
				"19B789C429E5AB4A0082E9B8"
			],
			"buildRules": [],
			"dependencies": [],
			"isa": "PBXNativeTarget",
			"name": "example_VideoMotionParticles",
			"productName": "myOFApp",
			"productReference": "E4B69B5B0A3A1756003C02F2",
			"productType": "com.apple.product-type.application"
		},
		"E4B69B5B0A3A1756003C02F2": {
			"explicitFileType": "wrapper.application",
			"includeInIndex": "0",
			"isa": "PBXFileReference",
			"path": "example_VideoMotionParticlesDebug.app",
			"sourceTree": "BUILT_PRODUCTS_DIR"
		},
		"E4B69B5F0A3A1757003C02F2": {
			"buildConfigurations": [
				"E4B69B600A3A1757003C02F2",
				"E4B69B610A3A1757003C02F2"
			],
			"defaultConfigurationIsVisible": "0",
			"defaultConfigurationName": "Release",
			"isa": "XCConfigurationList"
		},
		"E4B69B600A3A1757003C02F2": {
			"baseConfigurationReference": "E4EB6923138AFD0F00A09F29",
			"buildSettings": {
				"ARCHS": "$(ARCHS_STANDARD)",
				"COPY_PHASE_STRIP": "NO",
				"FRAMEWORK_SEARCH_PATHS": "$(inherited)",
				"GCC_DYNAMIC_NO_PIC": "NO",
				"HEADER_SEARCH_PATHS": [
					"$(OF_CORE_HEADERS)",
					"src",
					"src",
					"../../../addons/ofxGui/src",
					"../../../addons/ofxRenderer/libs",
					"../../../addons/ofxRenderer/src",
					"../../../addons/ofxRenderer/src/fluid",
					"../../../addons/ofxRenderer/src/renderers",
					"../../../addons/ofxRenderer/src/shaders",
					"../../../addons/ofxMotionFromVideo/libs",
					"../../../addons/ofxMotionFromVideo/src",
					"../../../addons/ofxSpatialHash/libs",
					"../../../addons/ofxSpatialHash/libs/nanoflann",
					"../../../addons/ofxSpatialHash/libs/nanoflann/include",
					"../../../addons/ofxSpatialHash/libs/ofxSpatialHash",
					"../../../addons/ofxSpatialHash/libs/ofxSpatialHash/include",
					"../../../addons/ofxSpatialHash/libs/ofxSpatialHash/include/ofx",
					"../../../addons/ofxSpatialHash/src",
					"../../../addons/ofxParticleSet/libs",
					"../../../addons/ofxParticleSet/src"
				],
				"LIBRARY_SEARCH_PATHS": "$(inherited)",
				"OTHER_LDFLAGS": [
					"$(OF_CORE_LIBS)",
					"$(OF_CORE_FRAMEWORKS)",
					"$(LIB_OF_DEBUG)"
				]
			},
			"isa": "XCBuildConfiguration",
			"name": "Debug"
		},
		"E4B69B610A3A1757003C02F2": {
			"baseConfigurationReference": "E4EB6923138AFD0F00A09F29",
			"buildSettings": {
				"ARCHS": "$(ARCHS_STANDARD)",
				"COPY_PHASE_STRIP": "YES",
				"FRAMEWORK_SEARCH_PATHS": "$(inherited)",
				"HEADER_SEARCH_PATHS": [
					"$(OF_CORE_HEADERS)",
					"src",
					"src",
					"../../../addons/ofxGui/src",
					"../../../addons/ofxRenderer/libs",
					"../../../addons/ofxRenderer/src",
					"../../../addons/ofxRenderer/src/fluid",
					"../../../addons/ofxRenderer/src/renderers",
					"../../../addons/ofxRenderer/src/shaders",
					"../../../addons/ofxMotionFromVideo/libs",
					"../../../addons/ofxMotionFromVideo/src",
					"../../../addons/ofxSpatialHash/libs",
					"../../../addons/ofxSpatialHash/libs/nanoflann",
					"../../../addons/ofxSpatialHash/libs/nanoflann/include",
					"../../../addons/ofxSpatialHash/libs/ofxSpatialHash",
					"../../../addons/ofxSpatialHash/libs/ofxSpatialHash/include",
					"../../../addons/ofxSpatialHash/libs/ofxSpatialHash/include/ofx",
					"../../../addons/ofxSpatialHash/src",
					"../../../addons/ofxParticleSet/libs",
					"../../../addons/ofxParticleSet/src"
				],
				"LIBRARY_SEARCH_PATHS": "$(inherited)",
				"OTHER_LDFLAGS": [
					"$(OF_CORE_LIBS)",
					"$(OF_CORE_FRAMEWORKS)",
					"$(LIB_OF)"
				],
				"baseConfigurationReference": "E4EB6923138AFD0F00A09F29"
			},
			"isa": "XCBuildConfiguration",
			"name": "Release"
		},
		"E4B69E1C0A3A1BDC003C02F2": {
			"children": [
				"E4B69E1D0A3A1BDC003C02F2",
				"E4B69E1E0A3A1BDC003C02F2",
				"E4B69E1F0A3A1BDC003C02F2"
			],
			"isa": "PBXGroup",
			"path": "src",
			"sourceTree": "SOURCE_ROOT"
		},
		"E4B69E1D0A3A1BDC003C02F2": {
			"fileEncoding": "4",
			"isa": "PBXFileReference",
			"lastKnownFileType": "sourcecode.cpp.cpp",
			"name": "main.cpp",
			"path": "src/main.cpp",
			"sourceTree": "SOURCE_ROOT"
		},
		"E4B69E1E0A3A1BDC003C02F2": {
			"explicitFileType": "sourcecode.cpp.cpp",
			"fileEncoding": "4",
			"isa": "PBXFileReference",
			"name": "ofApp.cpp",
			"path": "src/ofApp.cpp",
			"sourceTree": "SOURCE_ROOT"
		},
		"E4B69E1F0A3A1BDC003C02F2": {
			"fileEncoding": "4",
			"isa": "PBXFileReference",
			"lastKnownFileType": "sourcecode.c.h",
			"name": "ofApp.h",
			"path": "src/ofApp.h",
			"sourceTree": "SOURCE_ROOT"
		},
		"E4B69E200A3A1BDC003C02F2": {
			"fileRef": "E4B69E1D0A3A1BDC003C02F2",
			"isa": "PBXBuildFile"
		},
		"E4B69E210A3A1BDC003C02F2": {
			"fileRef": "E4B69E1E0A3A1BDC003C02F2",
			"isa": "PBXBuildFile"
		},
		"E4B6FCAD0C3E899E008CF71C": {
			"fileEncoding": "4",
			"isa": "PBXFileReference",
			"lastKnownFileType": "text.plist.xml",
			"path": "openFrameworks-Info.plist",
			"sourceTree": "<group>"
		},
		"E4C2427710CC5ABF004149E2": {
			"buildActionMask": "2147483647",
			"dstPath": "",
			"dstSubfolderSpec": "10",
			"files": [],
			"isa": "PBXCopyFilesBuildPhase",
			"runOnlyForDeploymentPostprocessing": "0"
		},
		"E4EB6923138AFD0F00A09F29": {
			"fileEncoding": "4",
			"isa": "PBXFileReference",
			"lastKnownFileType": "text.xcconfig",
			"path": "Project.xcconfig",
			"sourceTree": "<group>"
		},
		"EB92E45B-4837-43C3-88DC-3FD530D3D5EB": {
			"fileRef": "971FA8B8-BFE1-4C6E-97B6-50CB517FE63B",
			"isa": "PBXBuildFile"
		},
		"EDA1C11A-A956-4E90-A425-7E3BB9232503": {
			"fileEncoding": "4",
			"isa": "PBXFileReference",
			"lastKnownFileType": "sourcecode.cpp.h",
			"name": "ofxToggle.h",
			"path": "../../../addons/ofxGui/src/ofxToggle.h",
			"sourceTree": "SOURCE_ROOT"
		},
		"EEA984D4-161D-4B65-BD68-B30AC3359831": {
			"fileEncoding": "4",
			"isa": "PBXFileReference",
			"lastKnownFileType": "sourcecode.cpp.h",
			"name": "MultiplyColorShader.h",
			"path": "../../../addons/ofxRenderer/src/shaders/MultiplyColorShader.h",
			"sourceTree": "SOURCE_ROOT"
		},
		"F1470DCF-0640-4B96-9D68-2BAF93E91A7B": {
			"fileEncoding": "4",
			"isa": "PBXFileReference",
			"lastKnownFileType": "sourcecode.cpp.h",
			"name": "ofxInputField.h",
			"path": "../../../addons/ofxGui/src/ofxInputField.h",
			"sourceTree": "SOURCE_ROOT"
		},
		"F21831E7-EE1E-49A7-86B6-F9741D260977": {
			"fileEncoding": "4",
			"isa": "PBXFileReference",
			"lastKnownFileType": "sourcecode.cpp.cpp",
			"name": "ofxColorPicker.cpp",
			"path": "../../../addons/ofxGui/src/ofxColorPicker.cpp",
			"sourceTree": "SOURCE_ROOT"
		},
		"F594EB29-A573-4A77-A9D8-ED9FBC89CE36": {
			"fileEncoding": "4",
			"isa": "PBXFileReference",
			"lastKnownFileType": "sourcecode.cpp.h",
			"name": "ofxPanel.h",
			"path": "../../../addons/ofxGui/src/ofxPanel.h",
			"sourceTree": "SOURCE_ROOT"
		},
		"F8C6E023-71E7-407E-9937-068BC6AA18AE": {
			"fileEncoding": "4",
			"isa": "PBXFileReference",
			"lastKnownFileType": "sourcecode.cpp.h",
			"name": "JacobiShader.h",
			"path": "../../../addons/ofxRenderer/src/fluid/JacobiShader.h",
			"sourceTree": "SOURCE_ROOT"
		},
		"F8E19324-48A9-4FAB-A0E7-D42C89D4E289": {
			"fileRef": "07177B44-D7C0-4BA2-8766-A8593AB3F126",
			"isa": "PBXBuildFile"
		},
		"FB0ED3BB-0BB1-495C-A331-21EAB987F13D": {
			"fileEncoding": "4",
			"isa": "PBXFileReference",
			"lastKnownFileType": "sourcecode.cpp.h",
			"name": "ofxBaseGui.h",
			"path": "../../../addons/ofxGui/src/ofxBaseGui.h",
			"sourceTree": "SOURCE_ROOT"
		}
	},
	"openFrameworksProjectGeneratorVersion": "34",
	"rootObject": "E4B69B4C0A3A1720003C02F2"
}