{
	"archiveVersion": "1",
	"classes": {},
	"objectVersion": "54",
	"objects": {
		"02874AE7-672F-4109-B55A-F932D4E821DE": {
			"fileEncoding": "4",
			"isa": "PBXFileReference",
			"lastKnownFileType": "sourcecode.cpp.h",
			"name": "ofxSpatialHash.h",
			"path": "../../../addons/ofxSpatialHash/src/ofxSpatialHash.h",
			"sourceTree": "SOURCE_ROOT"
		},
		"044F5437-0C8A-46FC-A6EF-1BAD0FC0C698": {
			"fileEncoding": "4",
			"isa": "PBXFileReference",
			"lastKnownFileType": "sourcecode.cpp.h",
			"name": "GaussianXBlurShader.h",
			"path": "../../../addons/ofxRenderer/src/shaders/GaussianXBlurShader.h",
			"sourceTree": "SOURCE_ROOT"
		},
		"046860AE-58B0-40CB-9553-5947F588F843": {
			"fileEncoding": "4",
			"isa": "PBXFileReference",
			"lastKnownFileType": "sourcecode.cpp.h",
			"name": "GaussianYBlurShader.h",
			"path": "../../../addons/ofxRenderer/src/shaders/GaussianYBlurShader.h",
			"sourceTree": "SOURCE_ROOT"
		},
		"0A3E7048-7697-42A3-8D7D-6F8587D504F9": {
			"fileRef": "42C1C4B7-F56A-4B1F-966B-B65A944F0EBA",
			"isa": "PBXBuildFile"
		},
		"0F6C87B3-B144-4770-A37F-34F1233C4B8C": {
			"children": [
				"D90503E2-0987-4C3C-B3A0-A90AC1104E2F",
				"044F5437-0C8A-46FC-A6EF-1BAD0FC0C698",
				"046860AE-58B0-40CB-9553-5947F588F843",
				"428617DD-526B-4A7F-8888-C99D93718790",
				"C541E726-6C12-45BE-AD38-B34D6BF0399C",
				"FB2F53B6-F57A-46E9-B0A8-0803B3F799E2",
				"17933CCA-4369-43BD-A56E-C5E843AE5DA6",
				"50A8DDC1-D1F0-4B77-BD4E-BD16EBDE9A00"
			],
			"isa": "PBXGroup",
			"name": "shaders",
			"sourceTree": "SOURCE_ROOT"
		},
		"10152EA7-1A21-4FCF-A1CD-5D2C94D99887": {
			"fileEncoding": "4",
			"isa": "PBXFileReference",
			"lastKnownFileType": "sourcecode.cpp.h",
			"name": "Renderer.h",
			"path": "../../../addons/ofxRenderer/src/Renderer.h",
			"sourceTree": "SOURCE_ROOT"
		},
		"17933CCA-4369-43BD-A56E-C5E843AE5DA6": {
			"fileEncoding": "4",
			"isa": "PBXFileReference",
			"lastKnownFileType": "sourcecode.cpp.h",
			"name": "OpticalFlowShader.h",
			"path": "../../../addons/ofxRenderer/src/shaders/OpticalFlowShader.h",
			"sourceTree": "SOURCE_ROOT"
		},
		"18FA5C91-6724-416E-89F4-2746A0B084CE": {
			"fileRef": "7A1BAD26-40A5-4001-B7C8-33F4187C8780",
			"isa": "PBXBuildFile"
		},
		"191CD6FA2847E21E0085CBB6": {
			"fileEncoding": "4",
			"isa": "PBXFileReference",
			"lastKnownFileType": "text.plist.entitlements",
			"path": "of.entitlements",
			"sourceTree": "<group>"
		},
		"191EF70929D778A400F35F26": {
			"isa": "PBXFileReference",
			"lastKnownFileType": "folder",
			"name": "openFrameworks",
			"path": "../../../libs/openFrameworks",
			"sourceTree": "SOURCE_ROOT"
		},
		"19B789C429E5AB4A0082E9B8": {
			"alwaysOutOfDate": "1",
			"buildActionMask": "2147483647",
			"files": [],
			"inputFileListPaths": [],
			"inputPaths": [],
			"isa": "PBXShellScriptBuildPhase",
			"outputFileListPaths": [],
			"outputPaths": [],
			"runOnlyForDeploymentPostprocessing": "0",
			"shellPath": "/bin/sh",
			"shellScript": "\"$OF_PATH/scripts/osx/xcode_project.sh\"\n",
			"showEnvVarsInLog": "0"
		},
		"1E568CD3-8AD9-4905-AF6E-36B96E5D2838": {
			"fileEncoding": "4",
			"isa": "PBXFileReference",
			"lastKnownFileType": "sourcecode.cpp.h",
			"name": "ofxGuiUtils.h",
			"path": "../../../addons/ofxGui/src/ofxGuiUtils.h",
			"sourceTree": "SOURCE_ROOT"
		},
		"218900E3-3531-4CD6-A2B4-4B37243B806C": {
			"fileEncoding": "4",
			"isa": "PBXFileReference",
			"lastKnownFileType": "sourcecode.cpp.h",
			"name": "ofxSlider.h",
			"path": "../../../addons/ofxGui/src/ofxSlider.h",
			"sourceTree": "SOURCE_ROOT"
		},
		"21ABBDD1-8674-4239-B365-6FF297C64B97": {
			"fileEncoding": "4",
			"isa": "PBXFileReference",
			"lastKnownFileType": "sourcecode.cpp.h",
			"name": "ofxMotionFromVideo.h",
			"path": "../../../addons/ofxMotionFromVideo/src/ofxMotionFromVideo.h",
			"sourceTree": "SOURCE_ROOT"
		},
		"245DFABA-F0DA-40FA-8D03-9B5A2B4E7A31": {
			"children": [
				"F382E31C-9523-469B-B829-76C11C036EE5",
				"F4ECBD9B-B857-45AB-AEF8-B3A161D772BE"
			],
			"isa": "PBXGroup",
			"name": "src",
			"sourceTree": "SOURCE_ROOT"
		},
		"2C213909-240A-4C31-8129-54D316B1F309": {
			"children": [
				"E10297F7-1822-47FB-AAEF-B711BC822F81"
			],
			"isa": "PBXGroup",
			"name": "nanoflann",
			"sourceTree": "SOURCE_ROOT"
		},
		"2D655412-0F77-43D8-9266-59A6D376AD97": {
			"fileRef": "9CF151F5-F963-469B-BF9C-05C025E52F38",
			"isa": "PBXBuildFile"
		},
		"3461C3F6-2318-4FA5-99B2-B7CA4988FF9D": {
			"fileEncoding": "4",
			"isa": "PBXFileReference",
			"lastKnownFileType": "sourcecode.cpp.h",
			"name": "ofxLabel.h",
			"path": "../../../addons/ofxGui/src/ofxLabel.h",
			"sourceTree": "SOURCE_ROOT"
		},
		"350996DC-3AE5-44D0-A92D-B6DCBD82C919": {
			"fileEncoding": "4",
			"isa": "PBXFileReference",
			"lastKnownFileType": "sourcecode.cpp.h",
			"name": "ofxBaseGui.h",
			"path": "../../../addons/ofxGui/src/ofxBaseGui.h",
			"sourceTree": "SOURCE_ROOT"
		},
		"3817F52E-A2BD-49DC-BC09-A9FB4D340234": {
			"children": [
				"2C213909-240A-4C31-8129-54D316B1F309",
				"ADD71801-60A8-4A8F-B79A-BA1077366D9C"
			],
			"isa": "PBXGroup",
			"name": "libs",
			"sourceTree": "SOURCE_ROOT"
		},
		"428617DD-526B-4A7F-8888-C99D93718790": {
			"fileEncoding": "4",
			"isa": "PBXFileReference",
			"lastKnownFileType": "sourcecode.cpp.h",
			"name": "LogisticFnShader.h",
			"path": "../../../addons/ofxRenderer/src/shaders/LogisticFnShader.h",
			"sourceTree": "SOURCE_ROOT"
		},
		"42C1C4B7-F56A-4B1F-966B-B65A944F0EBA": {
			"fileEncoding": "4",
			"isa": "PBXFileReference",
			"lastKnownFileType": "sourcecode.cpp.cpp",
			"name": "ofxColorPicker.cpp",
			"path": "../../../addons/ofxGui/src/ofxColorPicker.cpp",
			"sourceTree": "SOURCE_ROOT"
		},
		"438B504B-361D-4579-84D6-B1315823BB3F": {
			"children": [
				"61D15F21-7FBC-4B96-968F-533763B94E8F"
			],
			"isa": "PBXGroup",
			"name": "ofxSomPalette",
			"sourceTree": "SOURCE_ROOT"
		},
		"446AE4FA-D242-45AC-A52F-F1BECEE05353": {
			"fileEncoding": "4",
			"isa": "PBXFileReference",
			"lastKnownFileType": "sourcecode.cpp.h",
			"name": "Shader.h",
			"path": "../../../addons/ofxRenderer/src/Shader.h",
			"sourceTree": "SOURCE_ROOT"
		},
		"44AAB818-6F0E-4770-8D37-0D10D2FCA420": {
			"fileEncoding": "4",
			"isa": "PBXFileReference",
			"lastKnownFileType": "sourcecode.cpp.cpp",
			"name": "ofxParticleSet.cpp",
			"path": "../../../addons/ofxParticleSet/src/ofxParticleSet.cpp",
			"sourceTree": "SOURCE_ROOT"
		},
		"4A7FBE00-155E-4770-B4C1-D3354ECF8B2A": {
			"fileEncoding": "4",
			"isa": "PBXFileReference",
			"lastKnownFileType": "sourcecode.cpp.h",
			"name": "ofxInputField.h",
			"path": "../../../addons/ofxGui/src/ofxInputField.h",
			"sourceTree": "SOURCE_ROOT"
		},
		"4CCDFE48-8373-4D41-A949-48ACF933F0F5": {
			"fileEncoding": "4",
			"isa": "PBXFileReference",
			"lastKnownFileType": "sourcecode.cpp.cpp",
			"name": "ofxMotionFromVideo.cpp",
			"path": "../../../addons/ofxMotionFromVideo/src/ofxMotionFromVideo.cpp",
			"sourceTree": "SOURCE_ROOT"
		},
		"4FF59E78-1502-418C-9349-3C582FDBF1D3": {
			"fileEncoding": "4",
			"isa": "PBXFileReference",
			"lastKnownFileType": "sourcecode.cpp.h",
			"name": "ofxSomPalette.h",
			"path": "../../../addons/ofxSomPalette/src/ofxSomPalette.h",
			"sourceTree": "SOURCE_ROOT"
		},
		"50A8DDC1-D1F0-4B77-BD4E-BD16EBDE9A00": {
			"fileEncoding": "4",
			"isa": "PBXFileReference",
			"lastKnownFileType": "sourcecode.cpp.h",
			"name": "TranslateShader.h",
			"path": "../../../addons/ofxRenderer/src/shaders/TranslateShader.h",
			"sourceTree": "SOURCE_ROOT"
		},
		"5329E065-3892-45F1-894B-8A937F1A1CFF": {
			"fileRef": "E5222022-B87B-4026-B513-D477D098C3DB",
			"isa": "PBXBuildFile"
		},
		"544D8902-7B02-4081-AA48-862E48084798": {
			"fileEncoding": "4",
			"isa": "PBXFileReference",
			"lastKnownFileType": "sourcecode.cpp.h",
			"name": "SubtractDivergenceShader.h",
			"path": "../../../addons/ofxRenderer/src/fluid/SubtractDivergenceShader.h",
			"sourceTree": "SOURCE_ROOT"
		},
		"6057EF26-F156-41A9-A41D-EA07906AA55C": {
			"fileRef": "F382E31C-9523-469B-B829-76C11C036EE5",
			"isa": "PBXBuildFile"
		},
		"61D15F21-7FBC-4B96-968F-533763B94E8F": {
			"children": [
				"9001C4D7-C694-4C23-B52E-9A59C7C1DC86",
				"C96E957F-6CC9-4142-A79D-B157BB7D175F",
				"6CCB091B-A778-48CE-AF10-3B883B67A860",
				"4FF59E78-1502-418C-9349-3C582FDBF1D3"
			],
			"isa": "PBXGroup",
			"name": "src",
			"sourceTree": "SOURCE_ROOT"
		},
		"63F34627-82D0-4BC8-9970-B5DA38E8F0AF": {
			"children": [
				"CF5C5D73-29FF-47A9-B0F5-11703D22E7E4"
			],
			"isa": "PBXGroup",
			"name": "ofxMotionFromVideo",
			"sourceTree": "SOURCE_ROOT"
		},
		"67281DDD-E37A-4D97-9FE5-4B376A0F1C1C": {
			"fileEncoding": "4",
			"isa": "PBXFileReference",
			"lastKnownFileType": "sourcecode.cpp.h",
			"name": "ofxGuiGroup.h",
			"path": "../../../addons/ofxGui/src/ofxGuiGroup.h",
			"sourceTree": "SOURCE_ROOT"
		},
		"67CE9041-1967-41EB-A6D9-4108C7A6D4EE": {
			"children": [
				"44AAB818-6F0E-4770-8D37-0D10D2FCA420",
				"E4C523AE-27A5-4467-8AA0-1B8E7FEB736E"
			],
			"isa": "PBXGroup",
			"name": "src",
			"sourceTree": "SOURCE_ROOT"
		},
		"6A3C217B-AF2B-476C-9196-219FB551F7B2": {
			"fileEncoding": "4",
			"isa": "PBXFileReference",
			"lastKnownFileType": "sourcecode.cpp.cpp",
			"name": "ofxToggle.cpp",
			"path": "../../../addons/ofxGui/src/ofxToggle.cpp",
			"sourceTree": "SOURCE_ROOT"
		},
		"6CCB091B-A778-48CE-AF10-3B883B67A860": {
			"fileEncoding": "4",
			"isa": "PBXFileReference",
			"lastKnownFileType": "sourcecode.cpp.cpp",
			"name": "ofxSomPalette.cpp",
			"path": "../../../addons/ofxSomPalette/src/ofxSomPalette.cpp",
			"sourceTree": "SOURCE_ROOT"
		},
		"6F176649-2F15-403C-849B-32AB6634F1CB": {
			"fileEncoding": "4",
			"isa": "PBXFileReference",
			"lastKnownFileType": "sourcecode.cpp.h",
			"name": "PingPongFbo.h",
			"path": "../../../addons/ofxRenderer/src/PingPongFbo.h",
			"sourceTree": "SOURCE_ROOT"
		},
		"71DC9FE3-4317-4CEB-855D-1C493D6ABB8C": {
			"fileEncoding": "4",
			"isa": "PBXFileReference",
			"lastKnownFileType": "sourcecode.cpp.h",
			"name": "ofxSliderGroup.h",
			"path": "../../../addons/ofxGui/src/ofxSliderGroup.h",
			"sourceTree": "SOURCE_ROOT"
		},
		"720CCA81-0870-42C3-B4D3-1CF7FDB03290": {
			"fileEncoding": "4",
			"isa": "PBXFileReference",
			"lastKnownFileType": "sourcecode.cpp.h",
			"name": "KDTree.h",
			"path": "../../../addons/ofxSpatialHash/libs/ofxSpatialHash/include/ofx/KDTree.h",
			"sourceTree": "SOURCE_ROOT"
		},
		"755F41CF-2CCF-435C-B6A8-19320098E4F6": {
			"fileEncoding": "4",
			"isa": "PBXFileReference",
			"lastKnownFileType": "sourcecode.cpp.cpp",
			"name": "ofxPanel.cpp",
			"path": "../../../addons/ofxGui/src/ofxPanel.cpp",
			"sourceTree": "SOURCE_ROOT"
		},
		"75F029B2-57A2-45BC-AB53-00A8B57D075C": {
			"fileEncoding": "4",
			"isa": "PBXFileReference",
			"lastKnownFileType": "sourcecode.cpp.h",
			"name": "ofxButton.h",
			"path": "../../../addons/ofxGui/src/ofxButton.h",
			"sourceTree": "SOURCE_ROOT"
		},
		"76C86493-369A-4BC5-BB36-C53EF7CB683A": {
			"fileRef": "4CCDFE48-8373-4D41-A949-48ACF933F0F5",
			"isa": "PBXBuildFile"
		},
		"789622FB-5DF9-4B6E-AD3F-C3B936689469": {
			"fileRef": "E5BF166A-D57E-47A7-BDCF-65727183E1D4",
			"isa": "PBXBuildFile"
		},
		"7A1BAD26-40A5-4001-B7C8-33F4187C8780": {
			"fileEncoding": "4",
			"isa": "PBXFileReference",
			"lastKnownFileType": "sourcecode.cpp.cpp",
			"name": "ofxInputField.cpp",
			"path": "../../../addons/ofxGui/src/ofxInputField.cpp",
			"sourceTree": "SOURCE_ROOT"
		},
		"8042CCBA-B58E-4427-B3CB-6566B025B0C3": {
			"children": [
				"3817F52E-A2BD-49DC-BC09-A9FB4D340234",
				"9BCAE402-D469-42AB-BBFE-1C00906EB706"
			],
			"isa": "PBXGroup",
			"name": "ofxSpatialHash",
			"sourceTree": "SOURCE_ROOT"
		},
		"8117BEFA-351E-409F-8213-320CB5D91074": {
			"children": [
				"92C357A4-F4B6-4C9B-B05D-8D40A89C3BDB"
			],
			"isa": "PBXGroup",
			"name": "include",
			"sourceTree": "SOURCE_ROOT"
		},
		"829945E3-21F9-465D-8A82-2F67D39CB760": {
			"fileEncoding": "4",
			"isa": "PBXFileReference",
			"lastKnownFileType": "sourcecode.cpp.h",
			"name": "AdvectShader.h",
			"path": "../../../addons/ofxRenderer/src/fluid/AdvectShader.h",
			"sourceTree": "SOURCE_ROOT"
		},
		"839AF3B0-F60C-4DEA-884A-778FDD6D6725": {
			"fileRef": "FD20761E-D326-4EC9-A55D-6A12297B7559",
			"isa": "PBXBuildFile"
		},
		"8AA0F75C-2BB0-468C-B869-13E95C620007": {
			"fileRef": "6CCB091B-A778-48CE-AF10-3B883B67A860",
			"isa": "PBXBuildFile"
		},
		"9001C4D7-C694-4C23-B52E-9A59C7C1DC86": {
			"fileEncoding": "4",
			"isa": "PBXFileReference",
			"lastKnownFileType": "sourcecode.cpp.cpp",
			"name": "ofxContinuousSomPalette.cpp",
			"path": "../../../addons/ofxSomPalette/src/ofxContinuousSomPalette.cpp",
			"sourceTree": "SOURCE_ROOT"
		},
		"92C357A4-F4B6-4C9B-B05D-8D40A89C3BDB": {
			"children": [
				"720CCA81-0870-42C3-B4D3-1CF7FDB03290"
			],
			"isa": "PBXGroup",
			"name": "ofx",
			"sourceTree": "SOURCE_ROOT"
		},
		"9312A1F6-F5C4-4341-B226-49C29A0FD707": {
			"fileEncoding": "4",
			"isa": "PBXFileReference",
			"lastKnownFileType": "sourcecode.cpp.h",
			"name": "VorticityRenderer.h",
			"path": "../../../addons/ofxRenderer/src/fluid/VorticityRenderer.h",
			"sourceTree": "SOURCE_ROOT"
		},
		"93411C60-AC75-461D-BD1E-99964783AC70": {
			"fileEncoding": "4",
			"isa": "PBXFileReference",
			"lastKnownFileType": "folder",
			"path": "bin/data",
			"sourceTree": "SOURCE_ROOT"
		},
		"938AB622-2388-4B04-9FB2-A04B8928E840": {
			"fileEncoding": "4",
			"isa": "PBXFileReference",
			"lastKnownFileType": "sourcecode.cpp.h",
			"name": "ofxPanel.h",
			"path": "../../../addons/ofxGui/src/ofxPanel.h",
			"sourceTree": "SOURCE_ROOT"
		},
		"9A60ED52-7198-4BEE-8962-A582CE2E6038": {
			"fileEncoding": "4",
			"isa": "PBXFileReference",
			"lastKnownFileType": "sourcecode.cpp.h",
			"name": "AddImpulseSpotShader.h",
			"path": "../../../addons/ofxRenderer/src/fluid/AddImpulseSpotShader.h",
			"sourceTree": "SOURCE_ROOT"
		},
		"9BCAE402-D469-42AB-BBFE-1C00906EB706": {
			"children": [
				"02874AE7-672F-4109-B55A-F932D4E821DE"
			],
			"isa": "PBXGroup",
			"name": "src",
			"sourceTree": "SOURCE_ROOT"
		},
		"9C8DB2B0-9475-497E-BBE9-6A76E69F4FC3": {
			"fileEncoding": "4",
			"isa": "PBXFileReference",
			"lastKnownFileType": "sourcecode.cpp.h",
			"name": "ApplyBouyancyShader.h",
			"path": "../../../addons/ofxRenderer/src/fluid/ApplyBouyancyShader.h",
			"sourceTree": "SOURCE_ROOT"
		},
		"9CF0FF27-3A23-456D-B9D4-867B842900CA": {
			"fileEncoding": "4",
			"isa": "PBXFileReference",
			"lastKnownFileType": "sourcecode.cpp.h",
			"name": "ofxColorPicker.h",
			"path": "../../../addons/ofxGui/src/ofxColorPicker.h",
			"sourceTree": "SOURCE_ROOT"
		},
		"9CF151F5-F963-469B-BF9C-05C025E52F38": {
			"fileEncoding": "4",
			"isa": "PBXFileReference",
			"lastKnownFileType": "sourcecode.cpp.cpp",
			"name": "ofxLabel.cpp",
			"path": "../../../addons/ofxGui/src/ofxLabel.cpp",
			"sourceTree": "SOURCE_ROOT"
		},
		"9E0AD7B9-5FFF-440E-90BB-4C75344BF8C3": {
			"fileRef": "9001C4D7-C694-4C23-B52E-9A59C7C1DC86",
			"isa": "PBXBuildFile"
		},
		"9F524BAC-D85B-434C-84AF-8A326EB0A678": {
			"fileEncoding": "4",
			"isa": "PBXFileReference",
			"lastKnownFileType": "sourcecode.cpp.h",
			"name": "ofxGui.h",
			"path": "../../../addons/ofxGui/src/ofxGui.h",
			"sourceTree": "SOURCE_ROOT"
		},
		"A9BFA7BF-0427-466F-8C11-356EA58CEE22": {
			"fileEncoding": "4",
			"isa": "PBXFileReference",
			"lastKnownFileType": "sourcecode.cpp.h",
			"name": "DivergenceRenderer.h",
			"path": "../../../addons/ofxRenderer/src/fluid/DivergenceRenderer.h",
			"sourceTree": "SOURCE_ROOT"
		},
		"ACCF2BD5-6320-459C-97DA-50D280B31722": {
			"fileEncoding": "4",
			"isa": "PBXFileReference",
			"lastKnownFileType": "sourcecode.cpp.cpp",
			"name": "ofxSlider.cpp",
			"path": "../../../addons/ofxGui/src/ofxSlider.cpp",
			"sourceTree": "SOURCE_ROOT"
		},
		"ADD71801-60A8-4A8F-B79A-BA1077366D9C": {
			"children": [
				"8117BEFA-351E-409F-8213-320CB5D91074"
			],
			"isa": "PBXGroup",
			"name": "ofxSpatialHash",
			"sourceTree": "SOURCE_ROOT"
		},
		"B3506E77-C05F-41FD-BDB6-1D3AD8EBF5EC": {
			"children": [
				"67CE9041-1967-41EB-A6D9-4108C7A6D4EE"
			],
			"isa": "PBXGroup",
			"name": "ofxParticleSet",
			"sourceTree": "SOURCE_ROOT"
		},
		"B7B2E009-348B-43A8-AD54-60669509BD08": {
			"fileRef": "755F41CF-2CCF-435C-B6A8-19320098E4F6",
			"isa": "PBXBuildFile"
		},
		"BB4B014C10F69532006C3DED": {
			"children": [
				"EA983B18-CA36-4D6A-9F79-406D995EC684",
				"CEA123D6-42C9-404F-A9DF-127D9C4B32C1",
				"63F34627-82D0-4BC8-9970-B5DA38E8F0AF",
				"8042CCBA-B58E-4427-B3CB-6566B025B0C3",
				"B3506E77-C05F-41FD-BDB6-1D3AD8EBF5EC",
				"DB4F5895-838E-4773-B9C8-4318AC10C464",
				"438B504B-361D-4579-84D6-B1315823BB3F"
			],
			"isa": "PBXGroup",
			"name": "addons",
			"path": "../../../addons",
			"sourceTree": "SOURCE_ROOT"
		},
		"BD589168-57C8-4266-9903-C436B3C9FBB9": {
			"fileEncoding": "4",
			"isa": "PBXFileReference",
			"lastKnownFileType": "sourcecode.cpp.h",
			"name": "nanoflann.hpp",
			"path": "../../../addons/ofxSpatialHash/libs/nanoflann/include/nanoflann.hpp",
			"sourceTree": "SOURCE_ROOT"
		},
		"BDB24624-4B56-4632-B1D4-E1EC74E329EC": {
			"fileEncoding": "4",
			"isa": "PBXFileReference",
			"lastKnownFileType": "sourcecode.cpp.h",
			"name": "AddRadialImpulseShader.h",
			"path": "../../../addons/ofxRenderer/src/fluid/AddRadialImpulseShader.h",
			"sourceTree": "SOURCE_ROOT"
		},
		"C175DFE2-FBD4-4EB4-B7C5-1A5E706A5B56": {
			"fileRef": "ACCF2BD5-6320-459C-97DA-50D280B31722",
			"isa": "PBXBuildFile"
		},
		"C1EC8DCA-1CCC-411A-96ED-5F3E1AAAFBC7": {
			"fileEncoding": "4",
			"isa": "PBXFileReference",
			"lastKnownFileType": "sourcecode.cpp.h",
			"name": "JacobiShader.h",
			"path": "../../../addons/ofxRenderer/src/fluid/JacobiShader.h",
			"sourceTree": "SOURCE_ROOT"
		},
		"C5262061-1102-4C05-9DEF-C51FB27A8CD2": {
			"fileRef": "44AAB818-6F0E-4770-8D37-0D10D2FCA420",
			"isa": "PBXBuildFile"
		},
		"C541E726-6C12-45BE-AD38-B34D6BF0399C": {
			"fileEncoding": "4",
			"isa": "PBXFileReference",
			"lastKnownFileType": "sourcecode.cpp.h",
			"name": "MaskShader.h",
			"path": "../../../addons/ofxRenderer/src/shaders/MaskShader.h",
			"sourceTree": "SOURCE_ROOT"
		},
		"C96E957F-6CC9-4142-A79D-B157BB7D175F": {
			"fileEncoding": "4",
			"isa": "PBXFileReference",
			"lastKnownFileType": "sourcecode.cpp.h",
			"name": "ofxContinuousSomPalette.hpp",
			"path": "../../../addons/ofxSomPalette/src/ofxContinuousSomPalette.hpp",
			"sourceTree": "SOURCE_ROOT"
		},
		"CA4843EB-B806-4A47-9009-3358AE56A7C7": {
			"fileEncoding": "4",
			"isa": "PBXFileReference",
			"lastKnownFileType": "sourcecode.cpp.h",
			"name": "ofxToggle.h",
			"path": "../../../addons/ofxGui/src/ofxToggle.h",
			"sourceTree": "SOURCE_ROOT"
		},
		"CEA123D6-42C9-404F-A9DF-127D9C4B32C1": {
			"children": [
				"DF56CFDF-F5E1-42CE-90B1-E858BAEEF9D4"
			],
			"isa": "PBXGroup",
			"name": "ofxRenderer",
			"sourceTree": "SOURCE_ROOT"
		},
		"CF5C5D73-29FF-47A9-B0F5-11703D22E7E4": {
			"children": [
				"4CCDFE48-8373-4D41-A949-48ACF933F0F5",
				"21ABBDD1-8674-4239-B365-6FF297C64B97"
			],
			"isa": "PBXGroup",
			"name": "src",
			"sourceTree": "SOURCE_ROOT"
		},
		"D3544C79-B916-4C51-BA22-A65BAB748831": {
			"fileEncoding": "4",
			"isa": "PBXFileReference",
			"lastKnownFileType": "sourcecode.cpp.h",
			"name": "ApplyVorticityForceShader.h",
			"path": "../../../addons/ofxRenderer/src/fluid/ApplyVorticityForceShader.h",
			"sourceTree": "SOURCE_ROOT"
		},
		"D90503E2-0987-4C3C-B3A0-A90AC1104E2F": {
			"fileEncoding": "4",
			"isa": "PBXFileReference",
			"lastKnownFileType": "sourcecode.cpp.h",
			"name": "AddTextureShader.h",
			"path": "../../../addons/ofxRenderer/src/shaders/AddTextureShader.h",
			"sourceTree": "SOURCE_ROOT"
		},
		"DB4F5895-838E-4773-B9C8-4318AC10C464": {
			"children": [
				"245DFABA-F0DA-40FA-8D03-9B5A2B4E7A31"
			],
			"isa": "PBXGroup",
			"name": "ofxSelfOrganizingMap",
			"sourceTree": "SOURCE_ROOT"
		},
		"DE8EE36D-F5D6-4184-B907-87D86C8CA4D4": {
			"fileEncoding": "4",
			"isa": "PBXFileReference",
			"lastKnownFileType": "sourcecode.cpp.h",
			"name": "FluidSimulation.h",
			"path": "../../../addons/ofxRenderer/src/fluid/FluidSimulation.h",
			"sourceTree": "SOURCE_ROOT"
		},
		"DF56CFDF-F5E1-42CE-90B1-E858BAEEF9D4": {
			"children": [
				"6F176649-2F15-403C-849B-32AB6634F1CB",
				"EAE5289A-4544-40D9-A0EB-AADA29591C0C",
				"10152EA7-1A21-4FCF-A1CD-5D2C94D99887",
				"446AE4FA-D242-45AC-A52F-F1BECEE05353",
				"F49A71B4-929A-4E79-80E2-1A0109439D11",
				"0F6C87B3-B144-4770-A37F-34F1233C4B8C"
			],
			"isa": "PBXGroup",
			"name": "src",
			"sourceTree": "SOURCE_ROOT"
		},
		"E10297F7-1822-47FB-AAEF-B711BC822F81": {
			"children": [
				"BD589168-57C8-4266-9903-C436B3C9FBB9"
			],
			"isa": "PBXGroup",
			"name": "include",
			"sourceTree": "SOURCE_ROOT"
		},
		"E42962A92163ECCD00A6A9E2": {
			"alwaysOutOfDate": "1",
			"buildActionMask": "2147483647",
			"files": [],
			"inputPaths": [],
			"isa": "PBXShellScriptBuildPhase",
			"name": "Run Script — Compile OF",
			"outputPaths": [],
			"runOnlyForDeploymentPostprocessing": "0",
			"shellPath": "/bin/sh",
			"shellScript": "echo \"💾 Compiling Openframeworks\"\nxcodebuild -project \"$OF_PATH/libs/openFrameworksCompiled/project/osx/openFrameworksLib.xcodeproj\" -target openFrameworks -configuration \"${CONFIGURATION}\"  CLANG_CXX_LANGUAGE_STANDARD=$CLANG_CXX_LANGUAGE_STANDARD MACOSX_DEPLOYMENT_TARGET=$MACOSX_DEPLOYMENT_TARGET GCC_PREPROCESSOR_DEFINITIONS='$USER_PREPROCESSOR_DEFINITIONS'\n",
			"showEnvVarsInLog": "0"
		},
		"E4A5B60F29BAAAE400C2D356": {
			"buildActionMask": "2147483647",
			"dstPath": "",
			"dstSubfolderSpec": "6",
			"files": [],
			"isa": "PBXCopyFilesBuildPhase",
			"runOnlyForDeploymentPostprocessing": "0"
		},
		"E4B69B4A0A3A1720003C02F2": {
			"children": [
				"191CD6FA2847E21E0085CBB6",
				"E4B6FCAD0C3E899E008CF71C",
				"E4EB6923138AFD0F00A09F29",
				"E4B69E1C0A3A1BDC003C02F2",
				"191EF70929D778A400F35F26",
				"BB4B014C10F69532006C3DED",
				"E4B69B5B0A3A1756003C02F2",
				"93411C60-AC75-461D-BD1E-99964783AC70"
			],
			"isa": "PBXGroup",
			"sourceTree": "<group>"
		},
		"E4B69B4C0A3A1720003C02F2": {
			"attributes": {
				"BuildIndependentTargetsInParallel": "YES",
				"LastUpgradeCheck": "1540"
			},
			"buildConfigurationList": "E4B69B4D0A3A1720003C02F2",
			"compatibilityVersion": "Xcode 3.2",
			"developmentRegion": "en",
			"hasScannedForEncodings": "0",
			"isa": "PBXProject",
			"knownRegions": [
				"en",
				"Base"
			],
			"mainGroup": "E4B69B4A0A3A1720003C02F2",
			"productRefGroup": "E4B69B4A0A3A1720003C02F2",
			"projectDirPath": "",
			"projectRoot": "",
			"targets": [
				"E4B69B5A0A3A1756003C02F2"
			]
		},
		"E4B69B4D0A3A1720003C02F2": {
			"buildConfigurations": [
				"E4B69B4E0A3A1720003C02F2",
				"E4B69B4F0A3A1720003C02F2"
			],
			"defaultConfigurationIsVisible": "0",
			"defaultConfigurationName": "Release",
			"isa": "XCConfigurationList"
		},
		"E4B69B4E0A3A1720003C02F2": {
			"baseConfigurationReference": "E4EB6923138AFD0F00A09F29",
			"buildSettings": {
				"CODE_SIGN_ENTITLEMENTS": "of.entitlements",
				"COPY_PHASE_STRIP": "NO",
				"ENABLE_TESTABILITY": "YES",
				"GCC_OPTIMIZATION_LEVEL": "0",
				"GCC_WARN_UNUSED_VARIABLE": "NO",
				"HEADER_SEARCH_PATHS": [
					"$(OF_CORE_HEADERS)",
					"src"
				],
				"OTHER_CPLUSPLUSFLAGS": "-D__MACOSX_CORE__"
			},
			"isa": "XCBuildConfiguration",
			"name": "Debug"
		},
		"E4B69B4F0A3A1720003C02F2": {
			"baseConfigurationReference": "E4EB6923138AFD0F00A09F29",
			"buildSettings": {
				"CODE_SIGN_ENTITLEMENTS": "of.entitlements",
				"COPY_PHASE_STRIP": "YES",
				"GCC_OPTIMIZATION_LEVEL": "3",
				"GCC_UNROLL_LOOPS": "YES",
				"HEADER_SEARCH_PATHS": [
					"$(OF_CORE_HEADERS)",
					"src"
				],
				"OTHER_CPLUSPLUSFLAGS": "-D__MACOSX_CORE__"
			},
			"isa": "XCBuildConfiguration",
			"name": "Release"
		},
		"E4B69B580A3A1756003C02F2": {
			"buildActionMask": "2147483647",
			"files": [
				"E4B69E200A3A1BDC003C02F2",
				"E4B69E210A3A1BDC003C02F2",
				"FB2969AC-29A3-4A60-978C-4973DEFA17FC",
				"789622FB-5DF9-4B6E-AD3F-C3B936689469",
				"0A3E7048-7697-42A3-8D7D-6F8587D504F9",
				"5329E065-3892-45F1-894B-8A937F1A1CFF",
				"18FA5C91-6724-416E-89F4-2746A0B084CE",
				"2D655412-0F77-43D8-9266-59A6D376AD97",
				"B7B2E009-348B-43A8-AD54-60669509BD08",
				"C175DFE2-FBD4-4EB4-B7C5-1A5E706A5B56",
				"839AF3B0-F60C-4DEA-884A-778FDD6D6725",
				"EB27CB42-0039-44AF-8C6C-A696697AF28D",
				"76C86493-369A-4BC5-BB36-C53EF7CB683A",
				"C5262061-1102-4C05-9DEF-C51FB27A8CD2",
				"6057EF26-F156-41A9-A41D-EA07906AA55C",
				"9E0AD7B9-5FFF-440E-90BB-4C75344BF8C3",
				"8AA0F75C-2BB0-468C-B869-13E95C620007"
			],
			"isa": "PBXSourcesBuildPhase",
			"runOnlyForDeploymentPostprocessing": "0"
		},
		"E4B69B590A3A1756003C02F2": {
			"buildActionMask": "2147483647",
			"files": [],
			"isa": "PBXFrameworksBuildPhase",
			"runOnlyForDeploymentPostprocessing": "0"
		},
		"E4B69B5A0A3A1756003C02F2": {
			"buildConfigurationList": "E4B69B5F0A3A1757003C02F2",
			"buildPhases": [
				"E42962A92163ECCD00A6A9E2",
				"E4B69B580A3A1756003C02F2",
				"E4B69B590A3A1756003C02F2",
				"E4C2427710CC5ABF004149E2",
				"E4A5B60F29BAAAE400C2D356",
				"19B789C429E5AB4A0082E9B8"
			],
			"buildRules": [],
			"dependencies": [],
			"isa": "PBXNativeTarget",
			"name": "example_VideoMotionParticles",
			"productName": "myOFApp",
			"productReference": "E4B69B5B0A3A1756003C02F2",
			"productType": "com.apple.product-type.application"
		},
		"E4B69B5B0A3A1756003C02F2": {
			"explicitFileType": "wrapper.application",
			"includeInIndex": "0",
			"isa": "PBXFileReference",
			"path": "example_VideoMotionParticlesDebug.app",
			"sourceTree": "BUILT_PRODUCTS_DIR"
		},
		"E4B69B5F0A3A1757003C02F2": {
			"buildConfigurations": [
				"E4B69B600A3A1757003C02F2",
				"E4B69B610A3A1757003C02F2"
			],
			"defaultConfigurationIsVisible": "0",
			"defaultConfigurationName": "Release",
			"isa": "XCConfigurationList"
		},
		"E4B69B600A3A1757003C02F2": {
			"baseConfigurationReference": "E4EB6923138AFD0F00A09F29",
			"buildSettings": {
				"ARCHS": "$(ARCHS_STANDARD)",
				"COPY_PHASE_STRIP": "NO",
				"FRAMEWORK_SEARCH_PATHS": "$(inherited)",
				"GCC_DYNAMIC_NO_PIC": "NO",
				"HEADER_SEARCH_PATHS": [
					"$(OF_CORE_HEADERS)",
					"src",
					"src",
					"../../../addons/ofxGui/src",
					"../../../addons/ofxRenderer/libs",
					"../../../addons/ofxRenderer/src",
					"../../../addons/ofxRenderer/src/fluid",
					"../../../addons/ofxRenderer/src/renderers",
					"../../../addons/ofxRenderer/src/shaders",
					"../../../addons/ofxMotionFromVideo/libs",
					"../../../addons/ofxMotionFromVideo/src",
					"../../../addons/ofxSpatialHash/libs",
					"../../../addons/ofxSpatialHash/libs/nanoflann",
					"../../../addons/ofxSpatialHash/libs/nanoflann/include",
					"../../../addons/ofxSpatialHash/libs/ofxSpatialHash",
					"../../../addons/ofxSpatialHash/libs/ofxSpatialHash/include",
					"../../../addons/ofxSpatialHash/libs/ofxSpatialHash/include/ofx",
					"../../../addons/ofxSpatialHash/src",
					"../../../addons/ofxParticleSet/libs",
					"../../../addons/ofxParticleSet/src",
					"../../../addons/ofxSelfOrganizingMap/src",
					"../../../addons/ofxSomPalette/libs",
					"../../../addons/ofxSomPalette/src"
				],
				"LIBRARY_SEARCH_PATHS": "$(inherited)",
				"OTHER_LDFLAGS": [
					"$(OF_CORE_LIBS)",
					"$(OF_CORE_FRAMEWORKS)",
					"$(LIB_OF_DEBUG)"
				]
			},
			"isa": "XCBuildConfiguration",
			"name": "Debug"
		},
		"E4B69B610A3A1757003C02F2": {
			"baseConfigurationReference": "E4EB6923138AFD0F00A09F29",
			"buildSettings": {
				"ARCHS": "$(ARCHS_STANDARD)",
				"COPY_PHASE_STRIP": "YES",
				"FRAMEWORK_SEARCH_PATHS": "$(inherited)",
				"HEADER_SEARCH_PATHS": [
					"$(OF_CORE_HEADERS)",
					"src",
					"src",
					"../../../addons/ofxGui/src",
					"../../../addons/ofxRenderer/libs",
					"../../../addons/ofxRenderer/src",
					"../../../addons/ofxRenderer/src/fluid",
					"../../../addons/ofxRenderer/src/renderers",
					"../../../addons/ofxRenderer/src/shaders",
					"../../../addons/ofxMotionFromVideo/libs",
					"../../../addons/ofxMotionFromVideo/src",
					"../../../addons/ofxSpatialHash/libs",
					"../../../addons/ofxSpatialHash/libs/nanoflann",
					"../../../addons/ofxSpatialHash/libs/nanoflann/include",
					"../../../addons/ofxSpatialHash/libs/ofxSpatialHash",
					"../../../addons/ofxSpatialHash/libs/ofxSpatialHash/include",
					"../../../addons/ofxSpatialHash/libs/ofxSpatialHash/include/ofx",
					"../../../addons/ofxSpatialHash/src",
					"../../../addons/ofxParticleSet/libs",
					"../../../addons/ofxParticleSet/src",
					"../../../addons/ofxSelfOrganizingMap/src",
					"../../../addons/ofxSomPalette/libs",
					"../../../addons/ofxSomPalette/src"
				],
				"LIBRARY_SEARCH_PATHS": "$(inherited)",
				"OTHER_LDFLAGS": [
					"$(OF_CORE_LIBS)",
					"$(OF_CORE_FRAMEWORKS)",
					"$(LIB_OF)"
				],
				"baseConfigurationReference": "E4EB6923138AFD0F00A09F29"
			},
			"isa": "XCBuildConfiguration",
			"name": "Release"
		},
		"E4B69E1C0A3A1BDC003C02F2": {
			"children": [
				"E4B69E1D0A3A1BDC003C02F2",
				"E4B69E1E0A3A1BDC003C02F2",
				"E4B69E1F0A3A1BDC003C02F2"
			],
			"isa": "PBXGroup",
			"path": "src",
			"sourceTree": "SOURCE_ROOT"
		},
		"E4B69E1D0A3A1BDC003C02F2": {
			"fileEncoding": "4",
			"isa": "PBXFileReference",
			"lastKnownFileType": "sourcecode.cpp.cpp",
			"name": "main.cpp",
			"path": "src/main.cpp",
			"sourceTree": "SOURCE_ROOT"
		},
		"E4B69E1E0A3A1BDC003C02F2": {
			"explicitFileType": "sourcecode.cpp.cpp",
			"fileEncoding": "4",
			"isa": "PBXFileReference",
			"name": "ofApp.cpp",
			"path": "src/ofApp.cpp",
			"sourceTree": "SOURCE_ROOT"
		},
		"E4B69E1F0A3A1BDC003C02F2": {
			"fileEncoding": "4",
			"isa": "PBXFileReference",
			"lastKnownFileType": "sourcecode.c.h",
			"name": "ofApp.h",
			"path": "src/ofApp.h",
			"sourceTree": "SOURCE_ROOT"
		},
		"E4B69E200A3A1BDC003C02F2": {
			"fileRef": "E4B69E1D0A3A1BDC003C02F2",
			"isa": "PBXBuildFile"
		},
		"E4B69E210A3A1BDC003C02F2": {
			"fileRef": "E4B69E1E0A3A1BDC003C02F2",
			"isa": "PBXBuildFile"
		},
		"E4B6FCAD0C3E899E008CF71C": {
			"fileEncoding": "4",
			"isa": "PBXFileReference",
			"lastKnownFileType": "text.plist.xml",
			"path": "openFrameworks-Info.plist",
			"sourceTree": "<group>"
		},
		"E4C2427710CC5ABF004149E2": {
			"buildActionMask": "2147483647",
			"dstPath": "",
			"dstSubfolderSpec": "10",
			"files": [],
			"isa": "PBXCopyFilesBuildPhase",
			"runOnlyForDeploymentPostprocessing": "0"
		},
		"E4C523AE-27A5-4467-8AA0-1B8E7FEB736E": {
			"fileEncoding": "4",
			"isa": "PBXFileReference",
			"lastKnownFileType": "sourcecode.cpp.h",
			"name": "ofxParticleSet.h",
			"path": "../../../addons/ofxParticleSet/src/ofxParticleSet.h",
			"sourceTree": "SOURCE_ROOT"
		},
		"E4EB6923138AFD0F00A09F29": {
			"fileEncoding": "4",
			"isa": "PBXFileReference",
			"lastKnownFileType": "text.xcconfig",
			"path": "Project.xcconfig",
			"sourceTree": "<group>"
		},
		"E5222022-B87B-4026-B513-D477D098C3DB": {
			"fileEncoding": "4",
			"isa": "PBXFileReference",
			"lastKnownFileType": "sourcecode.cpp.cpp",
			"name": "ofxGuiGroup.cpp",
			"path": "../../../addons/ofxGui/src/ofxGuiGroup.cpp",
			"sourceTree": "SOURCE_ROOT"
		},
		"E5BF166A-D57E-47A7-BDCF-65727183E1D4": {
			"fileEncoding": "4",
			"isa": "PBXFileReference",
			"lastKnownFileType": "sourcecode.cpp.cpp",
			"name": "ofxButton.cpp",
			"path": "../../../addons/ofxGui/src/ofxButton.cpp",
			"sourceTree": "SOURCE_ROOT"
		},
		"EA983B18-CA36-4D6A-9F79-406D995EC684": {
			"children": [
				"EE4FA23A-F533-4514-BCEF-F0D2D4B0F8CC"
			],
			"isa": "PBXGroup",
			"name": "ofxGui",
			"sourceTree": "SOURCE_ROOT"
		},
		"EAD3A7EC-0BBA-4B06-8AC8-D80FA0A222E3": {
			"fileEncoding": "4",
			"isa": "PBXFileReference",
			"lastKnownFileType": "sourcecode.cpp.cpp",
			"name": "ofxBaseGui.cpp",
			"path": "../../../addons/ofxGui/src/ofxBaseGui.cpp",
			"sourceTree": "SOURCE_ROOT"
		},
		"EAE5289A-4544-40D9-A0EB-AADA29591C0C": {
			"fileEncoding": "4",
			"isa": "PBXFileReference",
			"lastKnownFileType": "sourcecode.cpp.h",
			"name": "PingPongRenderer.h",
			"path": "../../../addons/ofxRenderer/src/PingPongRenderer.h",
			"sourceTree": "SOURCE_ROOT"
		},
		"EB27CB42-0039-44AF-8C6C-A696697AF28D": {
			"fileRef": "6A3C217B-AF2B-476C-9196-219FB551F7B2",
			"isa": "PBXBuildFile"
		},
		"EE4FA23A-F533-4514-BCEF-F0D2D4B0F8CC": {
			"children": [
				"EAD3A7EC-0BBA-4B06-8AC8-D80FA0A222E3",
				"350996DC-3AE5-44D0-A92D-B6DCBD82C919",
				"E5BF166A-D57E-47A7-BDCF-65727183E1D4",
				"75F029B2-57A2-45BC-AB53-00A8B57D075C",
				"42C1C4B7-F56A-4B1F-966B-B65A944F0EBA",
				"9CF0FF27-3A23-456D-B9D4-867B842900CA",
				"9F524BAC-D85B-434C-84AF-8A326EB0A678",
				"E5222022-B87B-4026-B513-D477D098C3DB",
				"67281DDD-E37A-4D97-9FE5-4B376A0F1C1C",
				"1E568CD3-8AD9-4905-AF6E-36B96E5D2838",
				"7A1BAD26-40A5-4001-B7C8-33F4187C8780",
				"4A7FBE00-155E-4770-B4C1-D3354ECF8B2A",
				"9CF151F5-F963-469B-BF9C-05C025E52F38",
				"3461C3F6-2318-4FA5-99B2-B7CA4988FF9D",
				"755F41CF-2CCF-435C-B6A8-19320098E4F6",
				"938AB622-2388-4B04-9FB2-A04B8928E840",
				"ACCF2BD5-6320-459C-97DA-50D280B31722",
				"218900E3-3531-4CD6-A2B4-4B37243B806C",
				"FD20761E-D326-4EC9-A55D-6A12297B7559",
				"71DC9FE3-4317-4CEB-855D-1C493D6ABB8C",
				"6A3C217B-AF2B-476C-9196-219FB551F7B2",
				"CA4843EB-B806-4A47-9009-3358AE56A7C7"
			],
			"isa": "PBXGroup",
			"name": "src",
			"sourceTree": "SOURCE_ROOT"
		},
		"F382E31C-9523-469B-B829-76C11C036EE5": {
			"fileEncoding": "4",
			"isa": "PBXFileReference",
			"lastKnownFileType": "sourcecode.cpp.cpp",
			"name": "ofxSelfOrganizingMap.cpp",
			"path": "../../../addons/ofxSelfOrganizingMap/src/ofxSelfOrganizingMap.cpp",
			"sourceTree": "SOURCE_ROOT"
		},
		"F49A71B4-929A-4E79-80E2-1A0109439D11": {
			"children": [
				"9A60ED52-7198-4BEE-8962-A582CE2E6038",
				"BDB24624-4B56-4632-B1D4-E1EC74E329EC",
				"829945E3-21F9-465D-8A82-2F67D39CB760",
				"9C8DB2B0-9475-497E-BBE9-6A76E69F4FC3",
				"D3544C79-B916-4C51-BA22-A65BAB748831",
				"A9BFA7BF-0427-466F-8C11-356EA58CEE22",
				"DE8EE36D-F5D6-4184-B907-87D86C8CA4D4",
				"C1EC8DCA-1CCC-411A-96ED-5F3E1AAAFBC7",
				"544D8902-7B02-4081-AA48-862E48084798",
				"9312A1F6-F5C4-4341-B226-49C29A0FD707"
			],
			"isa": "PBXGroup",
			"name": "fluid",
			"sourceTree": "SOURCE_ROOT"
		},
		"F4ECBD9B-B857-45AB-AEF8-B3A161D772BE": {
			"fileEncoding": "4",
			"isa": "PBXFileReference",
			"lastKnownFileType": "sourcecode.cpp.h",
			"name": "ofxSelfOrganizingMap.h",
			"path": "../../../addons/ofxSelfOrganizingMap/src/ofxSelfOrganizingMap.h",
			"sourceTree": "SOURCE_ROOT"
		},
		"FB2969AC-29A3-4A60-978C-4973DEFA17FC": {
			"fileRef": "EAD3A7EC-0BBA-4B06-8AC8-D80FA0A222E3",
			"isa": "PBXBuildFile"
		},
		"FB2F53B6-F57A-46E9-B0A8-0803B3F799E2": {
			"fileEncoding": "4",
			"isa": "PBXFileReference",
			"lastKnownFileType": "sourcecode.cpp.h",
			"name": "MultiplyColorShader.h",
			"path": "../../../addons/ofxRenderer/src/shaders/MultiplyColorShader.h",
			"sourceTree": "SOURCE_ROOT"
		},
		"FD20761E-D326-4EC9-A55D-6A12297B7559": {
			"fileEncoding": "4",
			"isa": "PBXFileReference",
			"lastKnownFileType": "sourcecode.cpp.cpp",
			"name": "ofxSliderGroup.cpp",
			"path": "../../../addons/ofxGui/src/ofxSliderGroup.cpp",
			"sourceTree": "SOURCE_ROOT"
		}
	},
	"openFrameworksProjectGeneratorVersion": "34",
	"rootObject": "E4B69B4C0A3A1720003C02F2"
}